<?xml version="1.0" encoding="utf-8"?>
<Project ToolsVersion="17.0" xmlns="http://schemas.microsoft.com/developer/msbuild/2003">
  <ItemGroup>
    <ClCompile Include="C:\SOURCE\erigon-silkworm\silkworm\third_party\evmone\lib\evmone\advanced_analysis.cpp">
      <Filter>Source Files</Filter>
    </ClCompile>
    <ClCompile Include="C:\SOURCE\erigon-silkworm\silkworm\third_party\evmone\lib\evmone\advanced_execution.cpp">
      <Filter>Source Files</Filter>
    </ClCompile>
    <ClCompile Include="C:\SOURCE\erigon-silkworm\silkworm\third_party\evmone\lib\evmone\advanced_instructions.cpp">
      <Filter>Source Files</Filter>
    </ClCompile>
    <ClCompile Include="C:\SOURCE\erigon-silkworm\silkworm\third_party\evmone\lib\evmone\baseline_instruction_table.cpp">
      <Filter>Source Files</Filter>
    </ClCompile>
    <ClCompile Include="C:\SOURCE\erigon-silkworm\silkworm\third_party\evmone\lib\evmone\baseline.cpp">
      <Filter>Source Files</Filter>
    </ClCompile>
    <ClCompile Include="C:\SOURCE\erigon-silkworm\silkworm\third_party\evmone\lib\evmone\eof.cpp">
      <Filter>Source Files</Filter>
    </ClCompile>
    <ClCompile Include="C:\SOURCE\erigon-silkworm\silkworm\third_party\evmone\lib\evmone\instructions_calls.cpp">
      <Filter>Source Files</Filter>
    </ClCompile>
    <ClCompile Include="C:\SOURCE\erigon-silkworm\silkworm\third_party\evmone\lib\evmone\instructions_storage.cpp">
      <Filter>Source Files</Filter>
    </ClCompile>
    <ClCompile Include="C:\SOURCE\erigon-silkworm\silkworm\third_party\evmone\lib\evmone\tracing.cpp">
      <Filter>Source Files</Filter>
    </ClCompile>
    <ClCompile Include="C:\SOURCE\erigon-silkworm\silkworm\third_party\evmone\lib\evmone\vm.cpp">
      <Filter>Source Files</Filter>
    </ClCompile>
  </ItemGroup>
  <ItemGroup>
    <ClInclude Include="C:\SOURCE\erigon-silkworm\silkworm\third_party\evmone\lib\evmone\advanced_analysis.hpp">
      <Filter>Header Files</Filter>
    </ClInclude>
    <ClInclude Include="C:\SOURCE\erigon-silkworm\silkworm\third_party\evmone\lib\evmone\advanced_execution.hpp">
      <Filter>Header Files</Filter>
    </ClInclude>
    <ClInclude Include="C:\SOURCE\erigon-silkworm\silkworm\third_party\evmone\lib\evmone\baseline_instruction_table.hpp">
      <Filter>Header Files</Filter>
    </ClInclude>
    <ClInclude Include="C:\SOURCE\erigon-silkworm\silkworm\third_party\evmone\lib\evmone\baseline.hpp">
      <Filter>Header Files</Filter>
    </ClInclude>
    <ClInclude Include="C:\SOURCE\erigon-silkworm\silkworm\third_party\evmone\lib\evmone\eof.hpp">
      <Filter>Header Files</Filter>
    </ClInclude>
    <ClInclude Include="C:\SOURCE\erigon-silkworm\silkworm\third_party\evmone\lib\evmone\execution_state.hpp">
      <Filter>Header Files</Filter>
    </ClInclude>
    <ClInclude Include="C:\SOURCE\erigon-silkworm\silkworm\third_party\evmone\lib\evmone\instructions_opcodes.hpp">
      <Filter>Header Files</Filter>
    </ClInclude>
    <ClInclude Include="C:\SOURCE\erigon-silkworm\silkworm\third_party\evmone\lib\evmone\instructions_traits.hpp">
      <Filter>Header Files</Filter>
    </ClInclude>
    <ClInclude Include="C:\SOURCE\erigon-silkworm\silkworm\third_party\evmone\lib\evmone\instructions_xmacro.hpp">
      <Filter>Header Files</Filter>
    </ClInclude>
    <ClInclude Include="C:\SOURCE\erigon-silkworm\silkworm\third_party\evmone\lib\evmone\instructions.hpp">
      <Filter>Header Files</Filter>
    </ClInclude>
    <ClInclude Include="C:\SOURCE\erigon-silkworm\silkworm\third_party\evmone\lib\evmone\opcodes_helpers.h">
      <Filter>Header Files</Filter>
    </ClInclude>
    <ClInclude Include="C:\SOURCE\erigon-silkworm\silkworm\third_party\evmone\lib\evmone\tracing.hpp">
      <Filter>Header Files</Filter>
    </ClInclude>
    <ClInclude Include="C:\SOURCE\erigon-silkworm\silkworm\third_party\evmone\lib\evmone\vm.hpp">
      <Filter>Header Files</Filter>
    </ClInclude>
  </ItemGroup>
  <ItemGroup>
    <CustomBuild Include="C:\SOURCE\erigon-silkworm\silkworm\CMakeLists.txt" />
  </ItemGroup>
  <ItemGroup>
    <Filter Include="Header Files">
      <UniqueIdentifier>{F2CAFB5C-A0B6-31DA-AB96-A4CC8470AB39}</UniqueIdentifier>
    </Filter>
    <Filter Include="Source Files">
      <UniqueIdentifier>{5502609C-4BA7-30EA-A82A-7456C7E72C07}</UniqueIdentifier>
    </Filter>
  </ItemGroup>
</Project>
