
Microsoft Visual Studio Solution File, Format Version 12.00
# Visual Studio Version 17
Project("{8BC9CEB8-8B4A-11D0-8D11-00A0C91BC942}") = "ALL_BUILD", "ALL_BUILD.vcxproj", "{93C86A3C-E60E-33A3-B94C-FD69126B2AC7}"
	ProjectSection(ProjectDependencies) = postProject
		{5712147E-AE46-36FF-BBCE-D6F8200A9D1C} = {5712147E-AE46-36FF-BBCE-D6F8200A9D1C}
		{D61BFA42-227B-36FC-A860-8FD7EC946420} = {D61BFA42-227B-36FC-A860-8FD7EC946420}
		{EAC77944-608E-30A4-A5AD-4451654AC0A5} = {EAC77944-608E-30A4-A5AD-4451654AC0A5}
		{5F1AC291-4E26-3FF7-9A1B-5BB0A6510A3F} = {5F1AC291-4E26-3FF7-9A1B-5BB0A6510A3F}
		{B4CAA631-8FAA-367C-9584-4D59E1D6DC3F} = {B4CAA631-8FAA-367C-9584-4D59E1D6DC3F}
		{97B9E3EF-D3C8-32AB-911C-DAE5DBBF44E6} = {97B9E3EF-D3C8-32AB-911C-DAE5DBBF44E6}
		{C885C175-4AA0-35DE-A5FA-3B49B6B9F373} = {C885C175-4AA0-35DE-A5FA-3B49B6B9F373}
		{A55067EE-CCAE-30E6-8FF8-CAFC295705E9} = {A55067EE-CCAE-30E6-8FF8-CAFC295705E9}
		{B0E4AD24-D5D3-3ED6-9718-B5BC0F57EC8D} = {B0E4AD24-D5D3-3ED6-9718-B5BC0F57EC8D}
		{077C7695-C195-3516-9746-A937A57FA1F6} = {077C7695-C195-3516-9746-A937A57FA1F6}
		{45ADF86B-4E76-368A-88F3-A74AA2D10EE2} = {45ADF86B-4E76-368A-88F3-A74AA2D10EE2}
		{3577F4FA-3B73-3DDE-ACF2-0A2910B1CC95} = {3577F4FA-3B73-3DDE-ACF2-0A2910B1CC95}
		{3CB188DC-A71F-36E1-A35B-3565106A7182} = {3CB188DC-A71F-36E1-A35B-3565106A7182}
		{0E769567-E68D-37F9-985D-51993F4AC32A} = {0E769567-E68D-37F9-985D-51993F4AC32A}
		{0BA4DD01-948D-353C-A966-3FC25C2C439E} = {0BA4DD01-948D-353C-A966-3FC25C2C439E}
		{F17F170D-DF50-3CB1-B70D-ECA3FC61E663} = {F17F170D-DF50-3CB1-B70D-ECA3FC61E663}
		{9D07D4FD-9C56-37D8-A358-A4254DCF5D44} = {9D07D4FD-9C56-37D8-A358-A4254DCF5D44}
		{BFB52AAC-CA78-3453-879F-81F52554BFA9} = {BFB52AAC-CA78-3453-879F-81F52554BFA9}
		{09D2BCC3-4C43-360B-90AD-3D164906C4D5} = {09D2BCC3-4C43-360B-90AD-3D164906C4D5}
		{AE25D9EA-9237-3EE4-B83B-9C19C05A725E} = {AE25D9EA-9237-3EE4-B83B-9C19C05A725E}
		{9AFFAF62-0207-3B33-A6A5-5047DB31940F} = {9AFFAF62-0207-3B33-A6A5-5047DB31940F}
		{0B437FC2-A388-39DC-B594-30D166D2EFC0} = {0B437FC2-A388-39DC-B594-30D166D2EFC0}
		{C9DFED71-F37E-3491-BB2C-B3410E1BA077} = {C9DFED71-F37E-3491-BB2C-B3410E1BA077}
		{7FDB8441-079A-3A40-B7A8-75F6137E72F0} = {7FDB8441-079A-3A40-B7A8-75F6137E72F0}
		{42654B86-9828-304D-A4C9-5F7BA028C5DE} = {42654B86-9828-304D-A4C9-5F7BA028C5DE}
		{6080AFB1-DBB2-3597-B457-31230BB1BA4C} = {6080AFB1-DBB2-3597-B457-31230BB1BA4C}
		{45160079-390B-3C32-8FD7-0AE1F629AFBA} = {45160079-390B-3C32-8FD7-0AE1F629AFBA}
		{23CC21BE-FFD7-3279-86E2-8E665EEA3056} = {23CC21BE-FFD7-3279-86E2-8E665EEA3056}
		{AE7E1113-4CEC-3315-A252-B4AB0F79CBBC} = {AE7E1113-4CEC-3315-A252-B4AB0F79CBBC}
		{0A969685-3040-374A-A537-E6D255D783C2} = {0A969685-3040-374A-A537-E6D255D783C2}
		{3D7215C4-48E5-3BBF-B27C-A1BAAF02FC34} = {3D7215C4-48E5-3BBF-B27C-A1BAAF02FC34}
		{36B5C8AE-5C2A-3D9B-A0F0-320DB0CC93B4} = {36B5C8AE-5C2A-3D9B-A0F0-320DB0CC93B4}
		{199DE106-3632-3DC6-BFAB-1E980F72A1FA} = {199DE106-3632-3DC6-BFAB-1E980F72A1FA}
		{B495A6B3-109A-36E6-80A7-814EA66AA952} = {B495A6B3-109A-36E6-80A7-814EA66AA952}
		{611B0135-5607-3EC7-BD08-E2EAE7582044} = {611B0135-5607-3EC7-BD08-E2EAE7582044}
		{09B24CDE-C06C-3988-A93E-7EA09EBDEBE8} = {09B24CDE-C06C-3988-A93E-7EA09EBDEBE8}
		{93F6947A-6DD7-36AB-BBDC-677760B0137C} = {93F6947A-6DD7-36AB-BBDC-677760B0137C}
		{BB977775-6EFC-396F-AF5F-37A441A4AA61} = {BB977775-6EFC-396F-AF5F-37A441A4AA61}
		{0F63EB89-77F3-3464-B806-2A7427A2236C} = {0F63EB89-77F3-3464-B806-2A7427A2236C}
		{79143CCE-DF91-35A7-B1A2-653BA387750D} = {79143CCE-DF91-35A7-B1A2-653BA387750D}
		{25E9B4CC-0EB6-3CF4-A229-C67A1CFC0300} = {25E9B4CC-0EB6-3CF4-A229-C67A1CFC0300}
		{EA0DF2AB-BD89-3B08-888C-13F45628C9D4} = {EA0DF2AB-BD89-3B08-888C-13F45628C9D4}
		{5AEE61EC-C742-3042-8199-5407B015614B} = {5AEE61EC-C742-3042-8199-5407B015614B}
		{5553375B-A151-3DDE-8A25-5907BEEB1C6A} = {5553375B-A151-3DDE-8A25-5907BEEB1C6A}
		{C2002EA9-8A20-31FB-ADCD-CC3F9EFF0E30} = {C2002EA9-8A20-31FB-ADCD-CC3F9EFF0E30}
		{CADB10D7-F4F3-3292-B9D0-111BDF6EFCC3} = {CADB10D7-F4F3-3292-B9D0-111BDF6EFCC3}
		{2B0954EC-464A-303B-8B11-7C7DD85BBC25} = {2B0954EC-464A-303B-8B11-7C7DD85BBC25}
		{1761B7AD-2AA7-396A-A64A-0B7E21B62945} = {1761B7AD-2AA7-396A-A64A-0B7E21B62945}
		{9B3C70CE-EFA0-36D1-8252-335712BB59A3} = {9B3C70CE-EFA0-36D1-8252-335712BB59A3}
		{3B41FB37-63A2-353F-AE81-0DFC50E7BA45} = {3B41FB37-63A2-353F-AE81-0DFC50E7BA45}
	EndProjectSection
EndProject
Project("{8BC9CEB8-8B4A-11D0-8D11-00A0C91BC942}") = "INSTALL", "INSTALL.vcxproj", "{0CDD6DBB-DF46-3D46-9AEC-A8D2ABB27FF8}"
	ProjectSection(ProjectDependencies) = postProject
		{93C86A3C-E60E-33A3-B94C-FD69126B2AC7} = {93C86A3C-E60E-33A3-B94C-FD69126B2AC7}
		{5712147E-AE46-36FF-BBCE-D6F8200A9D1C} = {5712147E-AE46-36FF-BBCE-D6F8200A9D1C}
	EndProjectSection
EndProject
Project("{8BC9CEB8-8B4A-11D0-8D11-00A0C91BC942}") = "PACKAGE", "PACKAGE.vcxproj", "{AD8C7CD6-2A76-3D0F-A519-8B27A034AF58}"
	ProjectSection(ProjectDependencies) = postProject
		{93C86A3C-E60E-33A3-B94C-FD69126B2AC7} = {93C86A3C-E60E-33A3-B94C-FD69126B2AC7}
		{5712147E-AE46-36FF-BBCE-D6F8200A9D1C} = {5712147E-AE46-36FF-BBCE-D6F8200A9D1C}
	EndProjectSection
EndProject
Project("{8BC9CEB8-8B4A-11D0-8D11-00A0C91BC942}") = "ZERO_CHECK", "ZERO_CHECK.vcxproj", "{5712147E-AE46-36FF-BBCE-D6F8200A9D1C}"
	ProjectSection(ProjectDependencies) = postProject
	EndProjectSection
EndProject
Project("{8BC9CEB8-8B4A-11D0-8D11-00A0C91BC942}") = "backend_kv_server", "cmd\backend_kv_server.vcxproj", "{D61BFA42-227B-36FC-A860-8FD7EC946420}"
	ProjectSection(ProjectDependencies) = postProject
		{5712147E-AE46-36FF-BBCE-D6F8200A9D1C} = {5712147E-AE46-36FF-BBCE-D6F8200A9D1C}
		{B4CAA631-8FAA-367C-9584-4D59E1D6DC3F} = {B4CAA631-8FAA-367C-9584-4D59E1D6DC3F}
		{AE25D9EA-9237-3EE4-B83B-9C19C05A725E} = {AE25D9EA-9237-3EE4-B83B-9C19C05A725E}
		{42654B86-9828-304D-A4C9-5F7BA028C5DE} = {42654B86-9828-304D-A4C9-5F7BA028C5DE}
		{45160079-390B-3C32-8FD7-0AE1F629AFBA} = {45160079-390B-3C32-8FD7-0AE1F629AFBA}
		{AE7E1113-4CEC-3315-A252-B4AB0F79CBBC} = {AE7E1113-4CEC-3315-A252-B4AB0F79CBBC}
		{52CCF15B-9D4F-3295-9734-994D7AB1DC63} = {52CCF15B-9D4F-3295-9734-994D7AB1DC63}
		{BB977775-6EFC-396F-AF5F-37A441A4AA61} = {BB977775-6EFC-396F-AF5F-37A441A4AA61}
		{25E9B4CC-0EB6-3CF4-A229-C67A1CFC0300} = {25E9B4CC-0EB6-3CF4-A229-C67A1CFC0300}
		{5AEE61EC-C742-3042-8199-5407B015614B} = {5AEE61EC-C742-3042-8199-5407B015614B}
		{5553375B-A151-3DDE-8A25-5907BEEB1C6A} = {5553375B-A151-3DDE-8A25-5907BEEB1C6A}
		{C2002EA9-8A20-31FB-ADCD-CC3F9EFF0E30} = {C2002EA9-8A20-31FB-ADCD-CC3F9EFF0E30}
		{3B41FB37-63A2-353F-AE81-0DFC50E7BA45} = {3B41FB37-63A2-353F-AE81-0DFC50E7BA45}
	EndProjectSection
EndProject
Project("{8BC9CEB8-8B4A-11D0-8D11-00A0C91BC942}") = "backend_kv_test", "cmd\test\backend_kv_test.vcxproj", "{EAC77944-608E-30A4-A5AD-4451654AC0A5}"
	ProjectSection(ProjectDependencies) = postProject
		{5712147E-AE46-36FF-BBCE-D6F8200A9D1C} = {5712147E-AE46-36FF-BBCE-D6F8200A9D1C}
		{B4CAA631-8FAA-367C-9584-4D59E1D6DC3F} = {B4CAA631-8FAA-367C-9584-4D59E1D6DC3F}
		{AE25D9EA-9237-3EE4-B83B-9C19C05A725E} = {AE25D9EA-9237-3EE4-B83B-9C19C05A725E}
		{42654B86-9828-304D-A4C9-5F7BA028C5DE} = {42654B86-9828-304D-A4C9-5F7BA028C5DE}
		{45160079-390B-3C32-8FD7-0AE1F629AFBA} = {45160079-390B-3C32-8FD7-0AE1F629AFBA}
		{AE7E1113-4CEC-3315-A252-B4AB0F79CBBC} = {AE7E1113-4CEC-3315-A252-B4AB0F79CBBC}
		{52CCF15B-9D4F-3295-9734-994D7AB1DC63} = {52CCF15B-9D4F-3295-9734-994D7AB1DC63}
		{BB977775-6EFC-396F-AF5F-37A441A4AA61} = {BB977775-6EFC-396F-AF5F-37A441A4AA61}
		{25E9B4CC-0EB6-3CF4-A229-C67A1CFC0300} = {25E9B4CC-0EB6-3CF4-A229-C67A1CFC0300}
		{5553375B-A151-3DDE-8A25-5907BEEB1C6A} = {5553375B-A151-3DDE-8A25-5907BEEB1C6A}
		{C2002EA9-8A20-31FB-ADCD-CC3F9EFF0E30} = {C2002EA9-8A20-31FB-ADCD-CC3F9EFF0E30}
		{3B41FB37-63A2-353F-AE81-0DFC50E7BA45} = {3B41FB37-63A2-353F-AE81-0DFC50E7BA45}
	EndProjectSection
EndProject
Project("{8BC9CEB8-8B4A-11D0-8D11-00A0C91BC942}") = "benchmark_test", "cmd\benchmark\benchmark_test.vcxproj", "{5F1AC291-4E26-3FF7-9A1B-5BB0A6510A3F}"
	ProjectSection(ProjectDependencies) = postProject
		{5712147E-AE46-36FF-BBCE-D6F8200A9D1C} = {5712147E-AE46-36FF-BBCE-D6F8200A9D1C}
		{B4CAA631-8FAA-367C-9584-4D59E1D6DC3F} = {B4CAA631-8FAA-367C-9584-4D59E1D6DC3F}
		{AE25D9EA-9237-3EE4-B83B-9C19C05A725E} = {AE25D9EA-9237-3EE4-B83B-9C19C05A725E}
		{42654B86-9828-304D-A4C9-5F7BA028C5DE} = {42654B86-9828-304D-A4C9-5F7BA028C5DE}
		{45160079-390B-3C32-8FD7-0AE1F629AFBA} = {45160079-390B-3C32-8FD7-0AE1F629AFBA}
		{AE7E1113-4CEC-3315-A252-B4AB0F79CBBC} = {AE7E1113-4CEC-3315-A252-B4AB0F79CBBC}
		{52CCF15B-9D4F-3295-9734-994D7AB1DC63} = {52CCF15B-9D4F-3295-9734-994D7AB1DC63}
		{BB977775-6EFC-396F-AF5F-37A441A4AA61} = {BB977775-6EFC-396F-AF5F-37A441A4AA61}
		{25E9B4CC-0EB6-3CF4-A229-C67A1CFC0300} = {25E9B4CC-0EB6-3CF4-A229-C67A1CFC0300}
		{5553375B-A151-3DDE-8A25-5907BEEB1C6A} = {5553375B-A151-3DDE-8A25-5907BEEB1C6A}
		{C2002EA9-8A20-31FB-ADCD-CC3F9EFF0E30} = {C2002EA9-8A20-31FB-ADCD-CC3F9EFF0E30}
		{3B41FB37-63A2-353F-AE81-0DFC50E7BA45} = {3B41FB37-63A2-353F-AE81-0DFC50E7BA45}
	EndProjectSection
EndProject
Project("{8BC9CEB8-8B4A-11D0-8D11-00A0C91BC942}") = "cborcpp", "third_party\cbor-cpp\cborcpp.vcxproj", "{B4CAA631-8FAA-367C-9584-4D59E1D6DC3F}"
	ProjectSection(ProjectDependencies) = postProject
		{5712147E-AE46-36FF-BBCE-D6F8200A9D1C} = {5712147E-AE46-36FF-BBCE-D6F8200A9D1C}
	EndProjectSection
EndProject
Project("{8BC9CEB8-8B4A-11D0-8D11-00A0C91BC942}") = "check_blockhashes", "cmd\check_blockhashes.vcxproj", "{97B9E3EF-D3C8-32AB-911C-DAE5DBBF44E6}"
	ProjectSection(ProjectDependencies) = postProject
		{5712147E-AE46-36FF-BBCE-D6F8200A9D1C} = {5712147E-AE46-36FF-BBCE-D6F8200A9D1C}
		{B4CAA631-8FAA-367C-9584-4D59E1D6DC3F} = {B4CAA631-8FAA-367C-9584-4D59E1D6DC3F}
		{AE25D9EA-9237-3EE4-B83B-9C19C05A725E} = {AE25D9EA-9237-3EE4-B83B-9C19C05A725E}
		{42654B86-9828-304D-A4C9-5F7BA028C5DE} = {42654B86-9828-304D-A4C9-5F7BA028C5DE}
		{45160079-390B-3C32-8FD7-0AE1F629AFBA} = {45160079-390B-3C32-8FD7-0AE1F629AFBA}
		{AE7E1113-4CEC-3315-A252-B4AB0F79CBBC} = {AE7E1113-4CEC-3315-A252-B4AB0F79CBBC}
		{52CCF15B-9D4F-3295-9734-994D7AB1DC63} = {52CCF15B-9D4F-3295-9734-994D7AB1DC63}
		{BB977775-6EFC-396F-AF5F-37A441A4AA61} = {BB977775-6EFC-396F-AF5F-37A441A4AA61}
		{25E9B4CC-0EB6-3CF4-A229-C67A1CFC0300} = {25E9B4CC-0EB6-3CF4-A229-C67A1CFC0300}
		{5553375B-A151-3DDE-8A25-5907BEEB1C6A} = {5553375B-A151-3DDE-8A25-5907BEEB1C6A}
		{C2002EA9-8A20-31FB-ADCD-CC3F9EFF0E30} = {C2002EA9-8A20-31FB-ADCD-CC3F9EFF0E30}
		{3B41FB37-63A2-353F-AE81-0DFC50E7BA45} = {3B41FB37-63A2-353F-AE81-0DFC50E7BA45}
	EndProjectSection
EndProject
Project("{8BC9CEB8-8B4A-11D0-8D11-00A0C91BC942}") = "check_changes", "cmd\check_changes.vcxproj", "{C885C175-4AA0-35DE-A5FA-3B49B6B9F373}"
	ProjectSection(ProjectDependencies) = postProject
		{5712147E-AE46-36FF-BBCE-D6F8200A9D1C} = {5712147E-AE46-36FF-BBCE-D6F8200A9D1C}
		{B4CAA631-8FAA-367C-9584-4D59E1D6DC3F} = {B4CAA631-8FAA-367C-9584-4D59E1D6DC3F}
		{AE25D9EA-9237-3EE4-B83B-9C19C05A725E} = {AE25D9EA-9237-3EE4-B83B-9C19C05A725E}
		{42654B86-9828-304D-A4C9-5F7BA028C5DE} = {42654B86-9828-304D-A4C9-5F7BA028C5DE}
		{45160079-390B-3C32-8FD7-0AE1F629AFBA} = {45160079-390B-3C32-8FD7-0AE1F629AFBA}
		{AE7E1113-4CEC-3315-A252-B4AB0F79CBBC} = {AE7E1113-4CEC-3315-A252-B4AB0F79CBBC}
		{52CCF15B-9D4F-3295-9734-994D7AB1DC63} = {52CCF15B-9D4F-3295-9734-994D7AB1DC63}
		{BB977775-6EFC-396F-AF5F-37A441A4AA61} = {BB977775-6EFC-396F-AF5F-37A441A4AA61}
		{25E9B4CC-0EB6-3CF4-A229-C67A1CFC0300} = {25E9B4CC-0EB6-3CF4-A229-C67A1CFC0300}
		{5553375B-A151-3DDE-8A25-5907BEEB1C6A} = {5553375B-A151-3DDE-8A25-5907BEEB1C6A}
		{C2002EA9-8A20-31FB-ADCD-CC3F9EFF0E30} = {C2002EA9-8A20-31FB-ADCD-CC3F9EFF0E30}
		{3B41FB37-63A2-353F-AE81-0DFC50E7BA45} = {3B41FB37-63A2-353F-AE81-0DFC50E7BA45}
	EndProjectSection
EndProject
Project("{8BC9CEB8-8B4A-11D0-8D11-00A0C91BC942}") = "check_hashstate", "cmd\check_hashstate.vcxproj", "{A55067EE-CCAE-30E6-8FF8-CAFC295705E9}"
	ProjectSection(ProjectDependencies) = postProject
		{5712147E-AE46-36FF-BBCE-D6F8200A9D1C} = {5712147E-AE46-36FF-BBCE-D6F8200A9D1C}
		{B4CAA631-8FAA-367C-9584-4D59E1D6DC3F} = {B4CAA631-8FAA-367C-9584-4D59E1D6DC3F}
		{AE25D9EA-9237-3EE4-B83B-9C19C05A725E} = {AE25D9EA-9237-3EE4-B83B-9C19C05A725E}
		{42654B86-9828-304D-A4C9-5F7BA028C5DE} = {42654B86-9828-304D-A4C9-5F7BA028C5DE}
		{45160079-390B-3C32-8FD7-0AE1F629AFBA} = {45160079-390B-3C32-8FD7-0AE1F629AFBA}
		{AE7E1113-4CEC-3315-A252-B4AB0F79CBBC} = {AE7E1113-4CEC-3315-A252-B4AB0F79CBBC}
		{52CCF15B-9D4F-3295-9734-994D7AB1DC63} = {52CCF15B-9D4F-3295-9734-994D7AB1DC63}
		{BB977775-6EFC-396F-AF5F-37A441A4AA61} = {BB977775-6EFC-396F-AF5F-37A441A4AA61}
		{25E9B4CC-0EB6-3CF4-A229-C67A1CFC0300} = {25E9B4CC-0EB6-3CF4-A229-C67A1CFC0300}
		{5553375B-A151-3DDE-8A25-5907BEEB1C6A} = {5553375B-A151-3DDE-8A25-5907BEEB1C6A}
		{C2002EA9-8A20-31FB-ADCD-CC3F9EFF0E30} = {C2002EA9-8A20-31FB-ADCD-CC3F9EFF0E30}
		{3B41FB37-63A2-353F-AE81-0DFC50E7BA45} = {3B41FB37-63A2-353F-AE81-0DFC50E7BA45}
	EndProjectSection
EndProject
Project("{8BC9CEB8-8B4A-11D0-8D11-00A0C91BC942}") = "check_pow", "cmd\check_pow.vcxproj", "{B0E4AD24-D5D3-3ED6-9718-B5BC0F57EC8D}"
	ProjectSection(ProjectDependencies) = postProject
		{5712147E-AE46-36FF-BBCE-D6F8200A9D1C} = {5712147E-AE46-36FF-BBCE-D6F8200A9D1C}
		{B4CAA631-8FAA-367C-9584-4D59E1D6DC3F} = {B4CAA631-8FAA-367C-9584-4D59E1D6DC3F}
		{AE25D9EA-9237-3EE4-B83B-9C19C05A725E} = {AE25D9EA-9237-3EE4-B83B-9C19C05A725E}
		{42654B86-9828-304D-A4C9-5F7BA028C5DE} = {42654B86-9828-304D-A4C9-5F7BA028C5DE}
		{45160079-390B-3C32-8FD7-0AE1F629AFBA} = {45160079-390B-3C32-8FD7-0AE1F629AFBA}
		{AE7E1113-4CEC-3315-A252-B4AB0F79CBBC} = {AE7E1113-4CEC-3315-A252-B4AB0F79CBBC}
		{52CCF15B-9D4F-3295-9734-994D7AB1DC63} = {52CCF15B-9D4F-3295-9734-994D7AB1DC63}
		{BB977775-6EFC-396F-AF5F-37A441A4AA61} = {BB977775-6EFC-396F-AF5F-37A441A4AA61}
		{25E9B4CC-0EB6-3CF4-A229-C67A1CFC0300} = {25E9B4CC-0EB6-3CF4-A229-C67A1CFC0300}
		{5553375B-A151-3DDE-8A25-5907BEEB1C6A} = {5553375B-A151-3DDE-8A25-5907BEEB1C6A}
		{C2002EA9-8A20-31FB-ADCD-CC3F9EFF0E30} = {C2002EA9-8A20-31FB-ADCD-CC3F9EFF0E30}
		{3B41FB37-63A2-353F-AE81-0DFC50E7BA45} = {3B41FB37-63A2-353F-AE81-0DFC50E7BA45}
	EndProjectSection
EndProject
Project("{8BC9CEB8-8B4A-11D0-8D11-00A0C91BC942}") = "check_senders", "cmd\check_senders.vcxproj", "{077C7695-C195-3516-9746-A937A57FA1F6}"
	ProjectSection(ProjectDependencies) = postProject
		{5712147E-AE46-36FF-BBCE-D6F8200A9D1C} = {5712147E-AE46-36FF-BBCE-D6F8200A9D1C}
		{B4CAA631-8FAA-367C-9584-4D59E1D6DC3F} = {B4CAA631-8FAA-367C-9584-4D59E1D6DC3F}
		{AE25D9EA-9237-3EE4-B83B-9C19C05A725E} = {AE25D9EA-9237-3EE4-B83B-9C19C05A725E}
		{42654B86-9828-304D-A4C9-5F7BA028C5DE} = {42654B86-9828-304D-A4C9-5F7BA028C5DE}
		{45160079-390B-3C32-8FD7-0AE1F629AFBA} = {45160079-390B-3C32-8FD7-0AE1F629AFBA}
		{AE7E1113-4CEC-3315-A252-B4AB0F79CBBC} = {AE7E1113-4CEC-3315-A252-B4AB0F79CBBC}
		{52CCF15B-9D4F-3295-9734-994D7AB1DC63} = {52CCF15B-9D4F-3295-9734-994D7AB1DC63}
		{BB977775-6EFC-396F-AF5F-37A441A4AA61} = {BB977775-6EFC-396F-AF5F-37A441A4AA61}
		{25E9B4CC-0EB6-3CF4-A229-C67A1CFC0300} = {25E9B4CC-0EB6-3CF4-A229-C67A1CFC0300}
		{5AEE61EC-C742-3042-8199-5407B015614B} = {5AEE61EC-C742-3042-8199-5407B015614B}
		{5553375B-A151-3DDE-8A25-5907BEEB1C6A} = {5553375B-A151-3DDE-8A25-5907BEEB1C6A}
		{C2002EA9-8A20-31FB-ADCD-CC3F9EFF0E30} = {C2002EA9-8A20-31FB-ADCD-CC3F9EFF0E30}
		{3B41FB37-63A2-353F-AE81-0DFC50E7BA45} = {3B41FB37-63A2-353F-AE81-0DFC50E7BA45}
	EndProjectSection
EndProject
Project("{8BC9CEB8-8B4A-11D0-8D11-00A0C91BC942}") = "check_tx_lookup", "cmd\check_tx_lookup.vcxproj", "{45ADF86B-4E76-368A-88F3-A74AA2D10EE2}"
	ProjectSection(ProjectDependencies) = postProject
		{5712147E-AE46-36FF-BBCE-D6F8200A9D1C} = {5712147E-AE46-36FF-BBCE-D6F8200A9D1C}
		{B4CAA631-8FAA-367C-9584-4D59E1D6DC3F} = {B4CAA631-8FAA-367C-9584-4D59E1D6DC3F}
		{AE25D9EA-9237-3EE4-B83B-9C19C05A725E} = {AE25D9EA-9237-3EE4-B83B-9C19C05A725E}
		{42654B86-9828-304D-A4C9-5F7BA028C5DE} = {42654B86-9828-304D-A4C9-5F7BA028C5DE}
		{45160079-390B-3C32-8FD7-0AE1F629AFBA} = {45160079-390B-3C32-8FD7-0AE1F629AFBA}
		{AE7E1113-4CEC-3315-A252-B4AB0F79CBBC} = {AE7E1113-4CEC-3315-A252-B4AB0F79CBBC}
		{52CCF15B-9D4F-3295-9734-994D7AB1DC63} = {52CCF15B-9D4F-3295-9734-994D7AB1DC63}
		{BB977775-6EFC-396F-AF5F-37A441A4AA61} = {BB977775-6EFC-396F-AF5F-37A441A4AA61}
		{25E9B4CC-0EB6-3CF4-A229-C67A1CFC0300} = {25E9B4CC-0EB6-3CF4-A229-C67A1CFC0300}
		{5553375B-A151-3DDE-8A25-5907BEEB1C6A} = {5553375B-A151-3DDE-8A25-5907BEEB1C6A}
		{C2002EA9-8A20-31FB-ADCD-CC3F9EFF0E30} = {C2002EA9-8A20-31FB-ADCD-CC3F9EFF0E30}
		{3B41FB37-63A2-353F-AE81-0DFC50E7BA45} = {3B41FB37-63A2-353F-AE81-0DFC50E7BA45}
	EndProjectSection
EndProject
Project("{8BC9CEB8-8B4A-11D0-8D11-00A0C91BC942}") = "consensus", "cmd\test\consensus.vcxproj", "{3577F4FA-3B73-3DDE-ACF2-0A2910B1CC95}"
	ProjectSection(ProjectDependencies) = postProject
		{5712147E-AE46-36FF-BBCE-D6F8200A9D1C} = {5712147E-AE46-36FF-BBCE-D6F8200A9D1C}
		{B4CAA631-8FAA-367C-9584-4D59E1D6DC3F} = {B4CAA631-8FAA-367C-9584-4D59E1D6DC3F}
		{AE25D9EA-9237-3EE4-B83B-9C19C05A725E} = {AE25D9EA-9237-3EE4-B83B-9C19C05A725E}
		{42654B86-9828-304D-A4C9-5F7BA028C5DE} = {42654B86-9828-304D-A4C9-5F7BA028C5DE}
		{45160079-390B-3C32-8FD7-0AE1F629AFBA} = {45160079-390B-3C32-8FD7-0AE1F629AFBA}
		{23CC21BE-FFD7-3279-86E2-8E665EEA3056} = {23CC21BE-FFD7-3279-86E2-8E665EEA3056}
		{AE7E1113-4CEC-3315-A252-B4AB0F79CBBC} = {AE7E1113-4CEC-3315-A252-B4AB0F79CBBC}
		{52CCF15B-9D4F-3295-9734-994D7AB1DC63} = {52CCF15B-9D4F-3295-9734-994D7AB1DC63}
		{BB977775-6EFC-396F-AF5F-37A441A4AA61} = {BB977775-6EFC-396F-AF5F-37A441A4AA61}
		{25E9B4CC-0EB6-3CF4-A229-C67A1CFC0300} = {25E9B4CC-0EB6-3CF4-A229-C67A1CFC0300}
		{5553375B-A151-3DDE-8A25-5907BEEB1C6A} = {5553375B-A151-3DDE-8A25-5907BEEB1C6A}
		{C2002EA9-8A20-31FB-ADCD-CC3F9EFF0E30} = {C2002EA9-8A20-31FB-ADCD-CC3F9EFF0E30}
		{3B41FB37-63A2-353F-AE81-0DFC50E7BA45} = {3B41FB37-63A2-353F-AE81-0DFC50E7BA45}
	EndProjectSection
EndProject
Project("{8BC9CEB8-8B4A-11D0-8D11-00A0C91BC942}") = "core_test", "cmd\test\core_test.vcxproj", "{3CB188DC-A71F-36E1-A35B-3565106A7182}"
	ProjectSection(ProjectDependencies) = postProject
		{5712147E-AE46-36FF-BBCE-D6F8200A9D1C} = {5712147E-AE46-36FF-BBCE-D6F8200A9D1C}
		{AE25D9EA-9237-3EE4-B83B-9C19C05A725E} = {AE25D9EA-9237-3EE4-B83B-9C19C05A725E}
		{42654B86-9828-304D-A4C9-5F7BA028C5DE} = {42654B86-9828-304D-A4C9-5F7BA028C5DE}
		{45160079-390B-3C32-8FD7-0AE1F629AFBA} = {45160079-390B-3C32-8FD7-0AE1F629AFBA}
		{BB977775-6EFC-396F-AF5F-37A441A4AA61} = {BB977775-6EFC-396F-AF5F-37A441A4AA61}
		{25E9B4CC-0EB6-3CF4-A229-C67A1CFC0300} = {25E9B4CC-0EB6-3CF4-A229-C67A1CFC0300}
		{5553375B-A151-3DDE-8A25-5907BEEB1C6A} = {5553375B-A151-3DDE-8A25-5907BEEB1C6A}
	EndProjectSection
EndProject
Project("{8BC9CEB8-8B4A-11D0-8D11-00A0C91BC942}") = "embed", "silkworm\node\embed.vcxproj", "{0E769567-E68D-37F9-985D-51993F4AC32A}"
	ProjectSection(ProjectDependencies) = postProject
		{5712147E-AE46-36FF-BBCE-D6F8200A9D1C} = {5712147E-AE46-36FF-BBCE-D6F8200A9D1C}
	EndProjectSection
EndProject
Project("{8BC9CEB8-8B4A-11D0-8D11-00A0C91BC942}") = "evmc-example", "third_party\evmone\evmc\examples\evmc-example.vcxproj", "{0BA4DD01-948D-353C-A966-3FC25C2C439E}"
	ProjectSection(ProjectDependencies) = postProject
		{5712147E-AE46-36FF-BBCE-D6F8200A9D1C} = {5712147E-AE46-36FF-BBCE-D6F8200A9D1C}
		{F17F170D-DF50-3CB1-B70D-ECA3FC61E663} = {F17F170D-DF50-3CB1-B70D-ECA3FC61E663}
		{23CC21BE-FFD7-3279-86E2-8E665EEA3056} = {23CC21BE-FFD7-3279-86E2-8E665EEA3056}
	EndProjectSection
EndProject
Project("{8BC9CEB8-8B4A-11D0-8D11-00A0C91BC942}") = "evmc-example-host", "third_party\evmone\evmc\examples\evmc-example-host.vcxproj", "{F17F170D-DF50-3CB1-B70D-ECA3FC61E663}"
	ProjectSection(ProjectDependencies) = postProject
		{5712147E-AE46-36FF-BBCE-D6F8200A9D1C} = {5712147E-AE46-36FF-BBCE-D6F8200A9D1C}
	EndProjectSection
EndProject
Project("{8BC9CEB8-8B4A-11D0-8D11-00A0C91BC942}") = "evmc-example-static", "third_party\evmone\evmc\examples\evmc-example-static.vcxproj", "{9D07D4FD-9C56-37D8-A358-A4254DCF5D44}"
	ProjectSection(ProjectDependencies) = postProject
		{5712147E-AE46-36FF-BBCE-D6F8200A9D1C} = {5712147E-AE46-36FF-BBCE-D6F8200A9D1C}
		{F17F170D-DF50-3CB1-B70D-ECA3FC61E663} = {F17F170D-DF50-3CB1-B70D-ECA3FC61E663}
		{7FDB8441-079A-3A40-B7A8-75F6137E72F0} = {7FDB8441-079A-3A40-B7A8-75F6137E72F0}
	EndProjectSection
EndProject
Project("{8BC9CEB8-8B4A-11D0-8D11-00A0C91BC942}") = "evmc-tool", "third_party\evmone\evmc\tools\evmc\evmc-tool.vcxproj", "{BFB52AAC-CA78-3453-879F-81F52554BFA9}"
	ProjectSection(ProjectDependencies) = postProject
		{5712147E-AE46-36FF-BBCE-D6F8200A9D1C} = {5712147E-AE46-36FF-BBCE-D6F8200A9D1C}
		{23CC21BE-FFD7-3279-86E2-8E665EEA3056} = {23CC21BE-FFD7-3279-86E2-8E665EEA3056}
		{9B3C70CE-EFA0-36D1-8252-335712BB59A3} = {9B3C70CE-EFA0-36D1-8252-335712BB59A3}
	EndProjectSection
EndProject
Project("{8BC9CEB8-8B4A-11D0-8D11-00A0C91BC942}") = "evmc-vmtester", "third_party\evmone\evmc\tools\vmtester\evmc-vmtester.vcxproj", "{09D2BCC3-4C43-360B-90AD-3D164906C4D5}"
	ProjectSection(ProjectDependencies) = postProject
		{5712147E-AE46-36FF-BBCE-D6F8200A9D1C} = {5712147E-AE46-36FF-BBCE-D6F8200A9D1C}
		{23CC21BE-FFD7-3279-86E2-8E665EEA3056} = {23CC21BE-FFD7-3279-86E2-8E665EEA3056}
	EndProjectSection
EndProject
Project("{8BC9CEB8-8B4A-11D0-8D11-00A0C91BC942}") = "evmone", "evmone.vcxproj", "{AE25D9EA-9237-3EE4-B83B-9C19C05A725E}"
	ProjectSection(ProjectDependencies) = postProject
		{5712147E-AE46-36FF-BBCE-D6F8200A9D1C} = {5712147E-AE46-36FF-BBCE-D6F8200A9D1C}
		{45160079-390B-3C32-8FD7-0AE1F629AFBA} = {45160079-390B-3C32-8FD7-0AE1F629AFBA}
	EndProjectSection
EndProject
Project("{8BC9CEB8-8B4A-11D0-8D11-00A0C91BC942}") = "example-precompiles-vm", "third_party\evmone\evmc\examples\example_precompiles_vm\example-precompiles-vm.vcxproj", "{9AFFAF62-0207-3B33-A6A5-5047DB31940F}"
	ProjectSection(ProjectDependencies) = postProject
		{5712147E-AE46-36FF-BBCE-D6F8200A9D1C} = {5712147E-AE46-36FF-BBCE-D6F8200A9D1C}
	EndProjectSection
EndProject
Project("{8BC9CEB8-8B4A-11D0-8D11-00A0C91BC942}") = "example-precompiles-vm-static", "third_party\evmone\evmc\examples\example_precompiles_vm\example-precompiles-vm-static.vcxproj", "{0B437FC2-A388-39DC-B594-30D166D2EFC0}"
	ProjectSection(ProjectDependencies) = postProject
		{5712147E-AE46-36FF-BBCE-D6F8200A9D1C} = {5712147E-AE46-36FF-BBCE-D6F8200A9D1C}
	EndProjectSection
EndProject
Project("{8BC9CEB8-8B4A-11D0-8D11-00A0C91BC942}") = "example-vm", "third_party\evmone\evmc\examples\example_vm\example-vm.vcxproj", "{C9DFED71-F37E-3491-BB2C-B3410E1BA077}"
	ProjectSection(ProjectDependencies) = postProject
		{5712147E-AE46-36FF-BBCE-D6F8200A9D1C} = {5712147E-AE46-36FF-BBCE-D6F8200A9D1C}
	EndProjectSection
EndProject
Project("{8BC9CEB8-8B4A-11D0-8D11-00A0C91BC942}") = "example-vm-static", "third_party\evmone\evmc\examples\example_vm\example-vm-static.vcxproj", "{7FDB8441-079A-3A40-B7A8-75F6137E72F0}"
	ProjectSection(ProjectDependencies) = postProject
		{5712147E-AE46-36FF-BBCE-D6F8200A9D1C} = {5712147E-AE46-36FF-BBCE-D6F8200A9D1C}
	EndProjectSection
EndProject
Project("{8BC9CEB8-8B4A-11D0-8D11-00A0C91BC942}") = "ff", "third_party\silkpre\third_party\libff\libff\ff.vcxproj", "{42654B86-9828-304D-A4C9-5F7BA028C5DE}"
	ProjectSection(ProjectDependencies) = postProject
		{5712147E-AE46-36FF-BBCE-D6F8200A9D1C} = {5712147E-AE46-36FF-BBCE-D6F8200A9D1C}
	EndProjectSection
EndProject
Project("{8BC9CEB8-8B4A-11D0-8D11-00A0C91BC942}") = "generate_ethbackend_grpc", "silkworm\interfaces\generate_ethbackend_grpc.vcxproj", "{F6F2F98D-46E1-33D3-A2F5-0A78EF65B834}"
	ProjectSection(ProjectDependencies) = postProject
		{5712147E-AE46-36FF-BBCE-D6F8200A9D1C} = {5712147E-AE46-36FF-BBCE-D6F8200A9D1C}
		{50160003-DC66-3165-A5FC-FD3703503E63} = {50160003-DC66-3165-A5FC-FD3703503E63}
	EndProjectSection
EndProject
Project("{8BC9CEB8-8B4A-11D0-8D11-00A0C91BC942}") = "generate_kv_grpc", "silkworm\interfaces\generate_kv_grpc.vcxproj", "{FE40ACFF-0E3F-327C-AD7A-5526FD0B8268}"
	ProjectSection(ProjectDependencies) = postProject
		{5712147E-AE46-36FF-BBCE-D6F8200A9D1C} = {5712147E-AE46-36FF-BBCE-D6F8200A9D1C}
		{50160003-DC66-3165-A5FC-FD3703503E63} = {50160003-DC66-3165-A5FC-FD3703503E63}
	EndProjectSection
EndProject
Project("{8BC9CEB8-8B4A-11D0-8D11-00A0C91BC942}") = "generate_sentry_grpc", "silkworm\interfaces\generate_sentry_grpc.vcxproj", "{FB8528BB-5E6F-3748-A004-8F102AB5475D}"
	ProjectSection(ProjectDependencies) = postProject
		{5712147E-AE46-36FF-BBCE-D6F8200A9D1C} = {5712147E-AE46-36FF-BBCE-D6F8200A9D1C}
		{50160003-DC66-3165-A5FC-FD3703503E63} = {50160003-DC66-3165-A5FC-FD3703503E63}
	EndProjectSection
EndProject
Project("{8BC9CEB8-8B4A-11D0-8D11-00A0C91BC942}") = "generate_toml", "silkworm\node\generate_toml.vcxproj", "{E35F1FC4-519E-3AB8-94CD-F669CB12F6BD}"
	ProjectSection(ProjectDependencies) = postProject
		{5712147E-AE46-36FF-BBCE-D6F8200A9D1C} = {5712147E-AE46-36FF-BBCE-D6F8200A9D1C}
		{0E769567-E68D-37F9-985D-51993F4AC32A} = {0E769567-E68D-37F9-985D-51993F4AC32A}
	EndProjectSection
EndProject
Project("{8BC9CEB8-8B4A-11D0-8D11-00A0C91BC942}") = "generate_types_proto", "silkworm\interfaces\generate_types_proto.vcxproj", "{50160003-DC66-3165-A5FC-FD3703503E63}"
	ProjectSection(ProjectDependencies) = postProject
		{5712147E-AE46-36FF-BBCE-D6F8200A9D1C} = {5712147E-AE46-36FF-BBCE-D6F8200A9D1C}
	EndProjectSection
EndProject
Project("{8BC9CEB8-8B4A-11D0-8D11-00A0C91BC942}") = "genesistool", "cmd\genesistool.vcxproj", "{6080AFB1-DBB2-3597-B457-31230BB1BA4C}"
	ProjectSection(ProjectDependencies) = postProject
		{5712147E-AE46-36FF-BBCE-D6F8200A9D1C} = {5712147E-AE46-36FF-BBCE-D6F8200A9D1C}
	EndProjectSection
EndProject
Project("{8BC9CEB8-8B4A-11D0-8D11-00A0C91BC942}") = "instructions", "third_party\evmone\evmc\lib\instructions\instructions.vcxproj", "{45160079-390B-3C32-8FD7-0AE1F629AFBA}"
	ProjectSection(ProjectDependencies) = postProject
		{5712147E-AE46-36FF-BBCE-D6F8200A9D1C} = {5712147E-AE46-36FF-BBCE-D6F8200A9D1C}
	EndProjectSection
EndProject
Project("{8BC9CEB8-8B4A-11D0-8D11-00A0C91BC942}") = "loader", "third_party\evmone\evmc\lib\loader\loader.vcxproj", "{23CC21BE-FFD7-3279-86E2-8E665EEA3056}"
	ProjectSection(ProjectDependencies) = postProject
		{5712147E-AE46-36FF-BBCE-D6F8200A9D1C} = {5712147E-AE46-36FF-BBCE-D6F8200A9D1C}
	EndProjectSection
EndProject
Project("{8BC9CEB8-8B4A-11D0-8D11-00A0C91BC942}") = "mdbx-static", "third_party\libmdbx\mdbx-static.vcxproj", "{AE7E1113-4CEC-3315-A252-B4AB0F79CBBC}"
	ProjectSection(ProjectDependencies) = postProject
		{5712147E-AE46-36FF-BBCE-D6F8200A9D1C} = {5712147E-AE46-36FF-BBCE-D6F8200A9D1C}
	EndProjectSection
EndProject
Project("{8BC9CEB8-8B4A-11D0-8D11-00A0C91BC942}") = "mdbx_chk", "third_party\libmdbx\mdbx_chk.vcxproj", "{0A969685-3040-374A-A537-E6D255D783C2}"
	ProjectSection(ProjectDependencies) = postProject
		{5712147E-AE46-36FF-BBCE-D6F8200A9D1C} = {5712147E-AE46-36FF-BBCE-D6F8200A9D1C}
		{AE7E1113-4CEC-3315-A252-B4AB0F79CBBC} = {AE7E1113-4CEC-3315-A252-B4AB0F79CBBC}
	EndProjectSection
EndProject
Project("{8BC9CEB8-8B4A-11D0-8D11-00A0C91BC942}") = "mdbx_copy", "third_party\libmdbx\mdbx_copy.vcxproj", "{3D7215C4-48E5-3BBF-B27C-A1BAAF02FC34}"
	ProjectSection(ProjectDependencies) = postProject
		{5712147E-AE46-36FF-BBCE-D6F8200A9D1C} = {5712147E-AE46-36FF-BBCE-D6F8200A9D1C}
		{AE7E1113-4CEC-3315-A252-B4AB0F79CBBC} = {AE7E1113-4CEC-3315-A252-B4AB0F79CBBC}
	EndProjectSection
EndProject
Project("{8BC9CEB8-8B4A-11D0-8D11-00A0C91BC942}") = "mdbx_drop", "third_party\libmdbx\mdbx_drop.vcxproj", "{36B5C8AE-5C2A-3D9B-A0F0-320DB0CC93B4}"
	ProjectSection(ProjectDependencies) = postProject
		{5712147E-AE46-36FF-BBCE-D6F8200A9D1C} = {5712147E-AE46-36FF-BBCE-D6F8200A9D1C}
		{AE7E1113-4CEC-3315-A252-B4AB0F79CBBC} = {AE7E1113-4CEC-3315-A252-B4AB0F79CBBC}
	EndProjectSection
EndProject
Project("{8BC9CEB8-8B4A-11D0-8D11-00A0C91BC942}") = "mdbx_dump", "third_party\libmdbx\mdbx_dump.vcxproj", "{199DE106-3632-3DC6-BFAB-1E980F72A1FA}"
	ProjectSection(ProjectDependencies) = postProject
		{5712147E-AE46-36FF-BBCE-D6F8200A9D1C} = {5712147E-AE46-36FF-BBCE-D6F8200A9D1C}
		{AE7E1113-4CEC-3315-A252-B4AB0F79CBBC} = {AE7E1113-4CEC-3315-A252-B4AB0F79CBBC}
	EndProjectSection
EndProject
Project("{8BC9CEB8-8B4A-11D0-8D11-00A0C91BC942}") = "mdbx_load", "third_party\libmdbx\mdbx_load.vcxproj", "{B495A6B3-109A-36E6-80A7-814EA66AA952}"
	ProjectSection(ProjectDependencies) = postProject
		{5712147E-AE46-36FF-BBCE-D6F8200A9D1C} = {5712147E-AE46-36FF-BBCE-D6F8200A9D1C}
		{AE7E1113-4CEC-3315-A252-B4AB0F79CBBC} = {AE7E1113-4CEC-3315-A252-B4AB0F79CBBC}
	EndProjectSection
EndProject
Project("{8BC9CEB8-8B4A-11D0-8D11-00A0C91BC942}") = "mdbx_stat", "third_party\libmdbx\mdbx_stat.vcxproj", "{611B0135-5607-3EC7-BD08-E2EAE7582044}"
	ProjectSection(ProjectDependencies) = postProject
		{5712147E-AE46-36FF-BBCE-D6F8200A9D1C} = {5712147E-AE46-36FF-BBCE-D6F8200A9D1C}
		{AE7E1113-4CEC-3315-A252-B4AB0F79CBBC} = {AE7E1113-4CEC-3315-A252-B4AB0F79CBBC}
	EndProjectSection
EndProject
Project("{8BC9CEB8-8B4A-11D0-8D11-00A0C91BC942}") = "node_test", "cmd\test\node_test.vcxproj", "{09B24CDE-C06C-3988-A93E-7EA09EBDEBE8}"
	ProjectSection(ProjectDependencies) = postProject
		{5712147E-AE46-36FF-BBCE-D6F8200A9D1C} = {5712147E-AE46-36FF-BBCE-D6F8200A9D1C}
		{B4CAA631-8FAA-367C-9584-4D59E1D6DC3F} = {B4CAA631-8FAA-367C-9584-4D59E1D6DC3F}
		{AE25D9EA-9237-3EE4-B83B-9C19C05A725E} = {AE25D9EA-9237-3EE4-B83B-9C19C05A725E}
		{42654B86-9828-304D-A4C9-5F7BA028C5DE} = {42654B86-9828-304D-A4C9-5F7BA028C5DE}
		{45160079-390B-3C32-8FD7-0AE1F629AFBA} = {45160079-390B-3C32-8FD7-0AE1F629AFBA}
		{AE7E1113-4CEC-3315-A252-B4AB0F79CBBC} = {AE7E1113-4CEC-3315-A252-B4AB0F79CBBC}
		{52CCF15B-9D4F-3295-9734-994D7AB1DC63} = {52CCF15B-9D4F-3295-9734-994D7AB1DC63}
		{BB977775-6EFC-396F-AF5F-37A441A4AA61} = {BB977775-6EFC-396F-AF5F-37A441A4AA61}
		{25E9B4CC-0EB6-3CF4-A229-C67A1CFC0300} = {25E9B4CC-0EB6-3CF4-A229-C67A1CFC0300}
		{5553375B-A151-3DDE-8A25-5907BEEB1C6A} = {5553375B-A151-3DDE-8A25-5907BEEB1C6A}
		{C2002EA9-8A20-31FB-ADCD-CC3F9EFF0E30} = {C2002EA9-8A20-31FB-ADCD-CC3F9EFF0E30}
		{3B41FB37-63A2-353F-AE81-0DFC50E7BA45} = {3B41FB37-63A2-353F-AE81-0DFC50E7BA45}
	EndProjectSection
EndProject
Project("{8BC9CEB8-8B4A-11D0-8D11-00A0C91BC942}") = "ntdll_extra_target", "third_party\libmdbx\ntdll_extra_target.vcxproj", "{8F1F7E06-8059-32E1-9BDC-F9187092D26F}"
	ProjectSection(ProjectDependencies) = postProject
		{5712147E-AE46-36FF-BBCE-D6F8200A9D1C} = {5712147E-AE46-36FF-BBCE-D6F8200A9D1C}
	EndProjectSection
EndProject
Project("{8BC9CEB8-8B4A-11D0-8D11-00A0C91BC942}") = "roaring", "third_party\CRoaring\src\roaring.vcxproj", "{52CCF15B-9D4F-3295-9734-994D7AB1DC63}"
	ProjectSection(ProjectDependencies) = postProject
		{5712147E-AE46-36FF-BBCE-D6F8200A9D1C} = {5712147E-AE46-36FF-BBCE-D6F8200A9D1C}
	EndProjectSection
EndProject
Project("{8BC9CEB8-8B4A-11D0-8D11-00A0C91BC942}") = "scan_txs", "cmd\scan_txs.vcxproj", "{93F6947A-6DD7-36AB-BBDC-677760B0137C}"
	ProjectSection(ProjectDependencies) = postProject
		{5712147E-AE46-36FF-BBCE-D6F8200A9D1C} = {5712147E-AE46-36FF-BBCE-D6F8200A9D1C}
		{B4CAA631-8FAA-367C-9584-4D59E1D6DC3F} = {B4CAA631-8FAA-367C-9584-4D59E1D6DC3F}
		{AE25D9EA-9237-3EE4-B83B-9C19C05A725E} = {AE25D9EA-9237-3EE4-B83B-9C19C05A725E}
		{42654B86-9828-304D-A4C9-5F7BA028C5DE} = {42654B86-9828-304D-A4C9-5F7BA028C5DE}
		{45160079-390B-3C32-8FD7-0AE1F629AFBA} = {45160079-390B-3C32-8FD7-0AE1F629AFBA}
		{AE7E1113-4CEC-3315-A252-B4AB0F79CBBC} = {AE7E1113-4CEC-3315-A252-B4AB0F79CBBC}
		{52CCF15B-9D4F-3295-9734-994D7AB1DC63} = {52CCF15B-9D4F-3295-9734-994D7AB1DC63}
		{BB977775-6EFC-396F-AF5F-37A441A4AA61} = {BB977775-6EFC-396F-AF5F-37A441A4AA61}
		{25E9B4CC-0EB6-3CF4-A229-C67A1CFC0300} = {25E9B4CC-0EB6-3CF4-A229-C67A1CFC0300}
		{5553375B-A151-3DDE-8A25-5907BEEB1C6A} = {5553375B-A151-3DDE-8A25-5907BEEB1C6A}
		{C2002EA9-8A20-31FB-ADCD-CC3F9EFF0E30} = {C2002EA9-8A20-31FB-ADCD-CC3F9EFF0E30}
		{3B41FB37-63A2-353F-AE81-0DFC50E7BA45} = {3B41FB37-63A2-353F-AE81-0DFC50E7BA45}
	EndProjectSection
EndProject
Project("{8BC9CEB8-8B4A-11D0-8D11-00A0C91BC942}") = "secp256k1", "third_party\silkpre\secp256k1.vcxproj", "{BB977775-6EFC-396F-AF5F-37A441A4AA61}"
	ProjectSection(ProjectDependencies) = postProject
		{5712147E-AE46-36FF-BBCE-D6F8200A9D1C} = {5712147E-AE46-36FF-BBCE-D6F8200A9D1C}
	EndProjectSection
EndProject
Project("{8BC9CEB8-8B4A-11D0-8D11-00A0C91BC942}") = "sentry", "cmd\sentry.vcxproj", "{0F63EB89-77F3-3464-B806-2A7427A2236C}"
	ProjectSection(ProjectDependencies) = postProject
		{5712147E-AE46-36FF-BBCE-D6F8200A9D1C} = {5712147E-AE46-36FF-BBCE-D6F8200A9D1C}
		{B4CAA631-8FAA-367C-9584-4D59E1D6DC3F} = {B4CAA631-8FAA-367C-9584-4D59E1D6DC3F}
		{AE25D9EA-9237-3EE4-B83B-9C19C05A725E} = {AE25D9EA-9237-3EE4-B83B-9C19C05A725E}
		{42654B86-9828-304D-A4C9-5F7BA028C5DE} = {42654B86-9828-304D-A4C9-5F7BA028C5DE}
		{45160079-390B-3C32-8FD7-0AE1F629AFBA} = {45160079-390B-3C32-8FD7-0AE1F629AFBA}
		{AE7E1113-4CEC-3315-A252-B4AB0F79CBBC} = {AE7E1113-4CEC-3315-A252-B4AB0F79CBBC}
		{52CCF15B-9D4F-3295-9734-994D7AB1DC63} = {52CCF15B-9D4F-3295-9734-994D7AB1DC63}
		{BB977775-6EFC-396F-AF5F-37A441A4AA61} = {BB977775-6EFC-396F-AF5F-37A441A4AA61}
		{25E9B4CC-0EB6-3CF4-A229-C67A1CFC0300} = {25E9B4CC-0EB6-3CF4-A229-C67A1CFC0300}
		{5AEE61EC-C742-3042-8199-5407B015614B} = {5AEE61EC-C742-3042-8199-5407B015614B}
		{5553375B-A151-3DDE-8A25-5907BEEB1C6A} = {5553375B-A151-3DDE-8A25-5907BEEB1C6A}
		{C2002EA9-8A20-31FB-ADCD-CC3F9EFF0E30} = {C2002EA9-8A20-31FB-ADCD-CC3F9EFF0E30}
		{CADB10D7-F4F3-3292-B9D0-111BDF6EFCC3} = {CADB10D7-F4F3-3292-B9D0-111BDF6EFCC3}
		{3B41FB37-63A2-353F-AE81-0DFC50E7BA45} = {3B41FB37-63A2-353F-AE81-0DFC50E7BA45}
	EndProjectSection
EndProject
Project("{8BC9CEB8-8B4A-11D0-8D11-00A0C91BC942}") = "sentry_test", "cmd\test\sentry_test.vcxproj", "{79143CCE-DF91-35A7-B1A2-653BA387750D}"
	ProjectSection(ProjectDependencies) = postProject
		{5712147E-AE46-36FF-BBCE-D6F8200A9D1C} = {5712147E-AE46-36FF-BBCE-D6F8200A9D1C}
		{B4CAA631-8FAA-367C-9584-4D59E1D6DC3F} = {B4CAA631-8FAA-367C-9584-4D59E1D6DC3F}
		{AE25D9EA-9237-3EE4-B83B-9C19C05A725E} = {AE25D9EA-9237-3EE4-B83B-9C19C05A725E}
		{42654B86-9828-304D-A4C9-5F7BA028C5DE} = {42654B86-9828-304D-A4C9-5F7BA028C5DE}
		{45160079-390B-3C32-8FD7-0AE1F629AFBA} = {45160079-390B-3C32-8FD7-0AE1F629AFBA}
		{AE7E1113-4CEC-3315-A252-B4AB0F79CBBC} = {AE7E1113-4CEC-3315-A252-B4AB0F79CBBC}
		{52CCF15B-9D4F-3295-9734-994D7AB1DC63} = {52CCF15B-9D4F-3295-9734-994D7AB1DC63}
		{BB977775-6EFC-396F-AF5F-37A441A4AA61} = {BB977775-6EFC-396F-AF5F-37A441A4AA61}
		{25E9B4CC-0EB6-3CF4-A229-C67A1CFC0300} = {25E9B4CC-0EB6-3CF4-A229-C67A1CFC0300}
		{5AEE61EC-C742-3042-8199-5407B015614B} = {5AEE61EC-C742-3042-8199-5407B015614B}
		{5553375B-A151-3DDE-8A25-5907BEEB1C6A} = {5553375B-A151-3DDE-8A25-5907BEEB1C6A}
		{C2002EA9-8A20-31FB-ADCD-CC3F9EFF0E30} = {C2002EA9-8A20-31FB-ADCD-CC3F9EFF0E30}
		{CADB10D7-F4F3-3292-B9D0-111BDF6EFCC3} = {CADB10D7-F4F3-3292-B9D0-111BDF6EFCC3}
		{3B41FB37-63A2-353F-AE81-0DFC50E7BA45} = {3B41FB37-63A2-353F-AE81-0DFC50E7BA45}
	EndProjectSection
EndProject
Project("{8BC9CEB8-8B4A-11D0-8D11-00A0C91BC942}") = "silkpre", "third_party\silkpre\lib\silkpre.vcxproj", "{25E9B4CC-0EB6-3CF4-A229-C67A1CFC0300}"
	ProjectSection(ProjectDependencies) = postProject
		{5712147E-AE46-36FF-BBCE-D6F8200A9D1C} = {5712147E-AE46-36FF-BBCE-D6F8200A9D1C}
		{42654B86-9828-304D-A4C9-5F7BA028C5DE} = {42654B86-9828-304D-A4C9-5F7BA028C5DE}
		{BB977775-6EFC-396F-AF5F-37A441A4AA61} = {BB977775-6EFC-396F-AF5F-37A441A4AA61}
	EndProjectSection
EndProject
Project("{8BC9CEB8-8B4A-11D0-8D11-00A0C91BC942}") = "silkworm", "cmd\silkworm.vcxproj", "{EA0DF2AB-BD89-3B08-888C-13F45628C9D4}"
	ProjectSection(ProjectDependencies) = postProject
		{5712147E-AE46-36FF-BBCE-D6F8200A9D1C} = {5712147E-AE46-36FF-BBCE-D6F8200A9D1C}
		{B4CAA631-8FAA-367C-9584-4D59E1D6DC3F} = {B4CAA631-8FAA-367C-9584-4D59E1D6DC3F}
		{AE25D9EA-9237-3EE4-B83B-9C19C05A725E} = {AE25D9EA-9237-3EE4-B83B-9C19C05A725E}
		{42654B86-9828-304D-A4C9-5F7BA028C5DE} = {42654B86-9828-304D-A4C9-5F7BA028C5DE}
		{45160079-390B-3C32-8FD7-0AE1F629AFBA} = {45160079-390B-3C32-8FD7-0AE1F629AFBA}
		{AE7E1113-4CEC-3315-A252-B4AB0F79CBBC} = {AE7E1113-4CEC-3315-A252-B4AB0F79CBBC}
		{52CCF15B-9D4F-3295-9734-994D7AB1DC63} = {52CCF15B-9D4F-3295-9734-994D7AB1DC63}
		{BB977775-6EFC-396F-AF5F-37A441A4AA61} = {BB977775-6EFC-396F-AF5F-37A441A4AA61}
		{25E9B4CC-0EB6-3CF4-A229-C67A1CFC0300} = {25E9B4CC-0EB6-3CF4-A229-C67A1CFC0300}
		{5AEE61EC-C742-3042-8199-5407B015614B} = {5AEE61EC-C742-3042-8199-5407B015614B}
		{5553375B-A151-3DDE-8A25-5907BEEB1C6A} = {5553375B-A151-3DDE-8A25-5907BEEB1C6A}
		{C2002EA9-8A20-31FB-ADCD-CC3F9EFF0E30} = {C2002EA9-8A20-31FB-ADCD-CC3F9EFF0E30}
		{3B41FB37-63A2-353F-AE81-0DFC50E7BA45} = {3B41FB37-63A2-353F-AE81-0DFC50E7BA45}
	EndProjectSection
EndProject
Project("{8BC9CEB8-8B4A-11D0-8D11-00A0C91BC942}") = "silkworm-buildinfo", "silkworm-buildinfo.vcxproj", "{5AEE61EC-C742-3042-8199-5407B015614B}"
	ProjectSection(ProjectDependencies) = postProject
		{5712147E-AE46-36FF-BBCE-D6F8200A9D1C} = {5712147E-AE46-36FF-BBCE-D6F8200A9D1C}
		{31A5BAE1-2CC2-3C17-93EB-5AE8A2A370F5} = {31A5BAE1-2CC2-3C17-93EB-5AE8A2A370F5}
	EndProjectSection
EndProject
Project("{8BC9CEB8-8B4A-11D0-8D11-00A0C91BC942}") = "silkworm-buildinfo-git", "silkworm-buildinfo-git.vcxproj", "{31A5BAE1-2CC2-3C17-93EB-5AE8A2A370F5}"
	ProjectSection(ProjectDependencies) = postProject
		{5712147E-AE46-36FF-BBCE-D6F8200A9D1C} = {5712147E-AE46-36FF-BBCE-D6F8200A9D1C}
	EndProjectSection
EndProject
Project("{8BC9CEB8-8B4A-11D0-8D11-00A0C91BC942}") = "silkworm_core", "silkworm\core\silkworm_core.vcxproj", "{5553375B-A151-3DDE-8A25-5907BEEB1C6A}"
	ProjectSection(ProjectDependencies) = postProject
		{5712147E-AE46-36FF-BBCE-D6F8200A9D1C} = {5712147E-AE46-36FF-BBCE-D6F8200A9D1C}
		{AE25D9EA-9237-3EE4-B83B-9C19C05A725E} = {AE25D9EA-9237-3EE4-B83B-9C19C05A725E}
		{42654B86-9828-304D-A4C9-5F7BA028C5DE} = {42654B86-9828-304D-A4C9-5F7BA028C5DE}
		{45160079-390B-3C32-8FD7-0AE1F629AFBA} = {45160079-390B-3C32-8FD7-0AE1F629AFBA}
		{BB977775-6EFC-396F-AF5F-37A441A4AA61} = {BB977775-6EFC-396F-AF5F-37A441A4AA61}
		{25E9B4CC-0EB6-3CF4-A229-C67A1CFC0300} = {25E9B4CC-0EB6-3CF4-A229-C67A1CFC0300}
	EndProjectSection
EndProject
Project("{8BC9CEB8-8B4A-11D0-8D11-00A0C91BC942}") = "silkworm_node", "silkworm\node\silkworm_node.vcxproj", "{C2002EA9-8A20-31FB-ADCD-CC3F9EFF0E30}"
	ProjectSection(ProjectDependencies) = postProject
		{5712147E-AE46-36FF-BBCE-D6F8200A9D1C} = {5712147E-AE46-36FF-BBCE-D6F8200A9D1C}
		{B4CAA631-8FAA-367C-9584-4D59E1D6DC3F} = {B4CAA631-8FAA-367C-9584-4D59E1D6DC3F}
		{AE25D9EA-9237-3EE4-B83B-9C19C05A725E} = {AE25D9EA-9237-3EE4-B83B-9C19C05A725E}
		{42654B86-9828-304D-A4C9-5F7BA028C5DE} = {42654B86-9828-304D-A4C9-5F7BA028C5DE}
		{F6F2F98D-46E1-33D3-A2F5-0A78EF65B834} = {F6F2F98D-46E1-33D3-A2F5-0A78EF65B834}
		{FE40ACFF-0E3F-327C-AD7A-5526FD0B8268} = {FE40ACFF-0E3F-327C-AD7A-5526FD0B8268}
		{FB8528BB-5E6F-3748-A004-8F102AB5475D} = {FB8528BB-5E6F-3748-A004-8F102AB5475D}
		{E35F1FC4-519E-3AB8-94CD-F669CB12F6BD} = {E35F1FC4-519E-3AB8-94CD-F669CB12F6BD}
		{45160079-390B-3C32-8FD7-0AE1F629AFBA} = {45160079-390B-3C32-8FD7-0AE1F629AFBA}
		{AE7E1113-4CEC-3315-A252-B4AB0F79CBBC} = {AE7E1113-4CEC-3315-A252-B4AB0F79CBBC}
		{52CCF15B-9D4F-3295-9734-994D7AB1DC63} = {52CCF15B-9D4F-3295-9734-994D7AB1DC63}
		{BB977775-6EFC-396F-AF5F-37A441A4AA61} = {BB977775-6EFC-396F-AF5F-37A441A4AA61}
		{25E9B4CC-0EB6-3CF4-A229-C67A1CFC0300} = {25E9B4CC-0EB6-3CF4-A229-C67A1CFC0300}
		{5553375B-A151-3DDE-8A25-5907BEEB1C6A} = {5553375B-A151-3DDE-8A25-5907BEEB1C6A}
		{3B41FB37-63A2-353F-AE81-0DFC50E7BA45} = {3B41FB37-63A2-353F-AE81-0DFC50E7BA45}
	EndProjectSection
EndProject
Project("{8BC9CEB8-8B4A-11D0-8D11-00A0C91BC942}") = "silkworm_sentry", "silkworm\sentry\silkworm_sentry.vcxproj", "{CADB10D7-F4F3-3292-B9D0-111BDF6EFCC3}"
	ProjectSection(ProjectDependencies) = postProject
		{5712147E-AE46-36FF-BBCE-D6F8200A9D1C} = {5712147E-AE46-36FF-BBCE-D6F8200A9D1C}
		{B4CAA631-8FAA-367C-9584-4D59E1D6DC3F} = {B4CAA631-8FAA-367C-9584-4D59E1D6DC3F}
		{AE25D9EA-9237-3EE4-B83B-9C19C05A725E} = {AE25D9EA-9237-3EE4-B83B-9C19C05A725E}
		{42654B86-9828-304D-A4C9-5F7BA028C5DE} = {42654B86-9828-304D-A4C9-5F7BA028C5DE}
		{FB8528BB-5E6F-3748-A004-8F102AB5475D} = {FB8528BB-5E6F-3748-A004-8F102AB5475D}
		{45160079-390B-3C32-8FD7-0AE1F629AFBA} = {45160079-390B-3C32-8FD7-0AE1F629AFBA}
		{AE7E1113-4CEC-3315-A252-B4AB0F79CBBC} = {AE7E1113-4CEC-3315-A252-B4AB0F79CBBC}
		{52CCF15B-9D4F-3295-9734-994D7AB1DC63} = {52CCF15B-9D4F-3295-9734-994D7AB1DC63}
		{BB977775-6EFC-396F-AF5F-37A441A4AA61} = {BB977775-6EFC-396F-AF5F-37A441A4AA61}
		{25E9B4CC-0EB6-3CF4-A229-C67A1CFC0300} = {25E9B4CC-0EB6-3CF4-A229-C67A1CFC0300}
		{5AEE61EC-C742-3042-8199-5407B015614B} = {5AEE61EC-C742-3042-8199-5407B015614B}
		{5553375B-A151-3DDE-8A25-5907BEEB1C6A} = {5553375B-A151-3DDE-8A25-5907BEEB1C6A}
		{C2002EA9-8A20-31FB-ADCD-CC3F9EFF0E30} = {C2002EA9-8A20-31FB-ADCD-CC3F9EFF0E30}
		{3B41FB37-63A2-353F-AE81-0DFC50E7BA45} = {3B41FB37-63A2-353F-AE81-0DFC50E7BA45}
	EndProjectSection
EndProject
Project("{8BC9CEB8-8B4A-11D0-8D11-00A0C91BC942}") = "snapshots", "cmd\snapshots.vcxproj", "{2B0954EC-464A-303B-8B11-7C7DD85BBC25}"
	ProjectSection(ProjectDependencies) = postProject
		{5712147E-AE46-36FF-BBCE-D6F8200A9D1C} = {5712147E-AE46-36FF-BBCE-D6F8200A9D1C}
		{B4CAA631-8FAA-367C-9584-4D59E1D6DC3F} = {B4CAA631-8FAA-367C-9584-4D59E1D6DC3F}
		{AE25D9EA-9237-3EE4-B83B-9C19C05A725E} = {AE25D9EA-9237-3EE4-B83B-9C19C05A725E}
		{42654B86-9828-304D-A4C9-5F7BA028C5DE} = {42654B86-9828-304D-A4C9-5F7BA028C5DE}
		{45160079-390B-3C32-8FD7-0AE1F629AFBA} = {45160079-390B-3C32-8FD7-0AE1F629AFBA}
		{AE7E1113-4CEC-3315-A252-B4AB0F79CBBC} = {AE7E1113-4CEC-3315-A252-B4AB0F79CBBC}
		{52CCF15B-9D4F-3295-9734-994D7AB1DC63} = {52CCF15B-9D4F-3295-9734-994D7AB1DC63}
		{BB977775-6EFC-396F-AF5F-37A441A4AA61} = {BB977775-6EFC-396F-AF5F-37A441A4AA61}
		{25E9B4CC-0EB6-3CF4-A229-C67A1CFC0300} = {25E9B4CC-0EB6-3CF4-A229-C67A1CFC0300}
		{5AEE61EC-C742-3042-8199-5407B015614B} = {5AEE61EC-C742-3042-8199-5407B015614B}
		{5553375B-A151-3DDE-8A25-5907BEEB1C6A} = {5553375B-A151-3DDE-8A25-5907BEEB1C6A}
		{C2002EA9-8A20-31FB-ADCD-CC3F9EFF0E30} = {C2002EA9-8A20-31FB-ADCD-CC3F9EFF0E30}
		{3B41FB37-63A2-353F-AE81-0DFC50E7BA45} = {3B41FB37-63A2-353F-AE81-0DFC50E7BA45}
	EndProjectSection
EndProject
Project("{8BC9CEB8-8B4A-11D0-8D11-00A0C91BC942}") = "toolbox", "cmd\toolbox.vcxproj", "{1761B7AD-2AA7-396A-A64A-0B7E21B62945}"
	ProjectSection(ProjectDependencies) = postProject
		{5712147E-AE46-36FF-BBCE-D6F8200A9D1C} = {5712147E-AE46-36FF-BBCE-D6F8200A9D1C}
		{B4CAA631-8FAA-367C-9584-4D59E1D6DC3F} = {B4CAA631-8FAA-367C-9584-4D59E1D6DC3F}
		{AE25D9EA-9237-3EE4-B83B-9C19C05A725E} = {AE25D9EA-9237-3EE4-B83B-9C19C05A725E}
		{42654B86-9828-304D-A4C9-5F7BA028C5DE} = {42654B86-9828-304D-A4C9-5F7BA028C5DE}
		{45160079-390B-3C32-8FD7-0AE1F629AFBA} = {45160079-390B-3C32-8FD7-0AE1F629AFBA}
		{AE7E1113-4CEC-3315-A252-B4AB0F79CBBC} = {AE7E1113-4CEC-3315-A252-B4AB0F79CBBC}
		{52CCF15B-9D4F-3295-9734-994D7AB1DC63} = {52CCF15B-9D4F-3295-9734-994D7AB1DC63}
		{BB977775-6EFC-396F-AF5F-37A441A4AA61} = {BB977775-6EFC-396F-AF5F-37A441A4AA61}
		{25E9B4CC-0EB6-3CF4-A229-C67A1CFC0300} = {25E9B4CC-0EB6-3CF4-A229-C67A1CFC0300}
		{5553375B-A151-3DDE-8A25-5907BEEB1C6A} = {5553375B-A151-3DDE-8A25-5907BEEB1C6A}
		{C2002EA9-8A20-31FB-ADCD-CC3F9EFF0E30} = {C2002EA9-8A20-31FB-ADCD-CC3F9EFF0E30}
		{3B41FB37-63A2-353F-AE81-0DFC50E7BA45} = {3B41FB37-63A2-353F-AE81-0DFC50E7BA45}
	EndProjectSection
EndProject
Project("{8BC9CEB8-8B4A-11D0-8D11-00A0C91BC942}") = "tooling", "third_party\evmone\evmc\lib\tooling\tooling.vcxproj", "{9B3C70CE-EFA0-36D1-8252-335712BB59A3}"
	ProjectSection(ProjectDependencies) = postProject
		{5712147E-AE46-36FF-BBCE-D6F8200A9D1C} = {5712147E-AE46-36FF-BBCE-D6F8200A9D1C}
	EndProjectSection
EndProject
Project("{8BC9CEB8-8B4A-11D0-8D11-00A0C91BC942}") = "torrent-rasterbar", "third_party\libtorrent\torrent-rasterbar.vcxproj", "{3B41FB37-63A2-353F-AE81-0DFC50E7BA45}"
	ProjectSection(ProjectDependencies) = postProject
		{5712147E-AE46-36FF-BBCE-D6F8200A9D1C} = {5712147E-AE46-36FF-BBCE-D6F8200A9D1C}
	EndProjectSection
EndProject
Global
	GlobalSection(SolutionConfigurationPlatforms) = preSolution
		Debug|x64 = Debug|x64
		Release|x64 = Release|x64
		MinSizeRel|x64 = MinSizeRel|x64
		RelWithDebInfo|x64 = RelWithDebInfo|x64
	EndGlobalSection
	GlobalSection(ProjectConfigurationPlatforms) = postSolution
		{93C86A3C-E60E-33A3-B94C-FD69126B2AC7}.Debug|x64.ActiveCfg = Debug|x64
		{93C86A3C-E60E-33A3-B94C-FD69126B2AC7}.Debug|x64.Build.0 = Debug|x64
		{93C86A3C-E60E-33A3-B94C-FD69126B2AC7}.Release|x64.ActiveCfg = Release|x64
		{93C86A3C-E60E-33A3-B94C-FD69126B2AC7}.Release|x64.Build.0 = Release|x64
		{93C86A3C-E60E-33A3-B94C-FD69126B2AC7}.MinSizeRel|x64.ActiveCfg = MinSizeRel|x64
		{93C86A3C-E60E-33A3-B94C-FD69126B2AC7}.MinSizeRel|x64.Build.0 = MinSizeRel|x64
		{93C86A3C-E60E-33A3-B94C-FD69126B2AC7}.RelWithDebInfo|x64.ActiveCfg = RelWithDebInfo|x64
		{93C86A3C-E60E-33A3-B94C-FD69126B2AC7}.RelWithDebInfo|x64.Build.0 = RelWithDebInfo|x64
		{0CDD6DBB-DF46-3D46-9AEC-A8D2ABB27FF8}.Debug|x64.ActiveCfg = Debug|x64
		{0CDD6DBB-DF46-3D46-9AEC-A8D2ABB27FF8}.Release|x64.ActiveCfg = Release|x64
		{0CDD6DBB-DF46-3D46-9AEC-A8D2ABB27FF8}.MinSizeRel|x64.ActiveCfg = MinSizeRel|x64
		{0CDD6DBB-DF46-3D46-9AEC-A8D2ABB27FF8}.RelWithDebInfo|x64.ActiveCfg = RelWithDebInfo|x64
		{AD8C7CD6-2A76-3D0F-A519-8B27A034AF58}.Debug|x64.ActiveCfg = Debug|x64
		{AD8C7CD6-2A76-3D0F-A519-8B27A034AF58}.Release|x64.ActiveCfg = Release|x64
		{AD8C7CD6-2A76-3D0F-A519-8B27A034AF58}.MinSizeRel|x64.ActiveCfg = MinSizeRel|x64
		{AD8C7CD6-2A76-3D0F-A519-8B27A034AF58}.RelWithDebInfo|x64.ActiveCfg = RelWithDebInfo|x64
		{5712147E-AE46-36FF-BBCE-D6F8200A9D1C}.Debug|x64.ActiveCfg = Debug|x64
		{5712147E-AE46-36FF-BBCE-D6F8200A9D1C}.Debug|x64.Build.0 = Debug|x64
		{5712147E-AE46-36FF-BBCE-D6F8200A9D1C}.Release|x64.ActiveCfg = Release|x64
		{5712147E-AE46-36FF-BBCE-D6F8200A9D1C}.Release|x64.Build.0 = Release|x64
		{5712147E-AE46-36FF-BBCE-D6F8200A9D1C}.MinSizeRel|x64.ActiveCfg = MinSizeRel|x64
		{5712147E-AE46-36FF-BBCE-D6F8200A9D1C}.MinSizeRel|x64.Build.0 = MinSizeRel|x64
		{5712147E-AE46-36FF-BBCE-D6F8200A9D1C}.RelWithDebInfo|x64.ActiveCfg = RelWithDebInfo|x64
		{5712147E-AE46-36FF-BBCE-D6F8200A9D1C}.RelWithDebInfo|x64.Build.0 = RelWithDebInfo|x64
		{D61BFA42-227B-36FC-A860-8FD7EC946420}.Debug|x64.ActiveCfg = Debug|x64
		{D61BFA42-227B-36FC-A860-8FD7EC946420}.Debug|x64.Build.0 = Debug|x64
		{D61BFA42-227B-36FC-A860-8FD7EC946420}.Release|x64.ActiveCfg = Release|x64
		{D61BFA42-227B-36FC-A860-8FD7EC946420}.Release|x64.Build.0 = Release|x64
		{D61BFA42-227B-36FC-A860-8FD7EC946420}.MinSizeRel|x64.ActiveCfg = MinSizeRel|x64
		{D61BFA42-227B-36FC-A860-8FD7EC946420}.MinSizeRel|x64.Build.0 = MinSizeRel|x64
		{D61BFA42-227B-36FC-A860-8FD7EC946420}.RelWithDebInfo|x64.ActiveCfg = RelWithDebInfo|x64
		{D61BFA42-227B-36FC-A860-8FD7EC946420}.RelWithDebInfo|x64.Build.0 = RelWithDebInfo|x64
		{EAC77944-608E-30A4-A5AD-4451654AC0A5}.Debug|x64.ActiveCfg = Debug|x64
		{EAC77944-608E-30A4-A5AD-4451654AC0A5}.Debug|x64.Build.0 = Debug|x64
		{EAC77944-608E-30A4-A5AD-4451654AC0A5}.Release|x64.ActiveCfg = Release|x64
		{EAC77944-608E-30A4-A5AD-4451654AC0A5}.Release|x64.Build.0 = Release|x64
		{EAC77944-608E-30A4-A5AD-4451654AC0A5}.MinSizeRel|x64.ActiveCfg = MinSizeRel|x64
		{EAC77944-608E-30A4-A5AD-4451654AC0A5}.MinSizeRel|x64.Build.0 = MinSizeRel|x64
		{EAC77944-608E-30A4-A5AD-4451654AC0A5}.RelWithDebInfo|x64.ActiveCfg = RelWithDebInfo|x64
		{EAC77944-608E-30A4-A5AD-4451654AC0A5}.RelWithDebInfo|x64.Build.0 = RelWithDebInfo|x64
		{5F1AC291-4E26-3FF7-9A1B-5BB0A6510A3F}.Debug|x64.ActiveCfg = Debug|x64
		{5F1AC291-4E26-3FF7-9A1B-5BB0A6510A3F}.Debug|x64.Build.0 = Debug|x64
		{5F1AC291-4E26-3FF7-9A1B-5BB0A6510A3F}.Release|x64.ActiveCfg = Release|x64
		{5F1AC291-4E26-3FF7-9A1B-5BB0A6510A3F}.Release|x64.Build.0 = Release|x64
		{5F1AC291-4E26-3FF7-9A1B-5BB0A6510A3F}.MinSizeRel|x64.ActiveCfg = MinSizeRel|x64
		{5F1AC291-4E26-3FF7-9A1B-5BB0A6510A3F}.MinSizeRel|x64.Build.0 = MinSizeRel|x64
		{5F1AC291-4E26-3FF7-9A1B-5BB0A6510A3F}.RelWithDebInfo|x64.ActiveCfg = RelWithDebInfo|x64
		{5F1AC291-4E26-3FF7-9A1B-5BB0A6510A3F}.RelWithDebInfo|x64.Build.0 = RelWithDebInfo|x64
		{B4CAA631-8FAA-367C-9584-4D59E1D6DC3F}.Debug|x64.ActiveCfg = Debug|x64
		{B4CAA631-8FAA-367C-9584-4D59E1D6DC3F}.Debug|x64.Build.0 = Debug|x64
		{B4CAA631-8FAA-367C-9584-4D59E1D6DC3F}.Release|x64.ActiveCfg = Release|x64
		{B4CAA631-8FAA-367C-9584-4D59E1D6DC3F}.Release|x64.Build.0 = Release|x64
		{B4CAA631-8FAA-367C-9584-4D59E1D6DC3F}.MinSizeRel|x64.ActiveCfg = MinSizeRel|x64
		{B4CAA631-8FAA-367C-9584-4D59E1D6DC3F}.MinSizeRel|x64.Build.0 = MinSizeRel|x64
		{B4CAA631-8FAA-367C-9584-4D59E1D6DC3F}.RelWithDebInfo|x64.ActiveCfg = RelWithDebInfo|x64
		{B4CAA631-8FAA-367C-9584-4D59E1D6DC3F}.RelWithDebInfo|x64.Build.0 = RelWithDebInfo|x64
		{97B9E3EF-D3C8-32AB-911C-DAE5DBBF44E6}.Debug|x64.ActiveCfg = Debug|x64
		{97B9E3EF-D3C8-32AB-911C-DAE5DBBF44E6}.Debug|x64.Build.0 = Debug|x64
		{97B9E3EF-D3C8-32AB-911C-DAE5DBBF44E6}.Release|x64.ActiveCfg = Release|x64
		{97B9E3EF-D3C8-32AB-911C-DAE5DBBF44E6}.Release|x64.Build.0 = Release|x64
		{97B9E3EF-D3C8-32AB-911C-DAE5DBBF44E6}.MinSizeRel|x64.ActiveCfg = MinSizeRel|x64
		{97B9E3EF-D3C8-32AB-911C-DAE5DBBF44E6}.MinSizeRel|x64.Build.0 = MinSizeRel|x64
		{97B9E3EF-D3C8-32AB-911C-DAE5DBBF44E6}.RelWithDebInfo|x64.ActiveCfg = RelWithDebInfo|x64
		{97B9E3EF-D3C8-32AB-911C-DAE5DBBF44E6}.RelWithDebInfo|x64.Build.0 = RelWithDebInfo|x64
		{C885C175-4AA0-35DE-A5FA-3B49B6B9F373}.Debug|x64.ActiveCfg = Debug|x64
		{C885C175-4AA0-35DE-A5FA-3B49B6B9F373}.Debug|x64.Build.0 = Debug|x64
		{C885C175-4AA0-35DE-A5FA-3B49B6B9F373}.Release|x64.ActiveCfg = Release|x64
		{C885C175-4AA0-35DE-A5FA-3B49B6B9F373}.Release|x64.Build.0 = Release|x64
		{C885C175-4AA0-35DE-A5FA-3B49B6B9F373}.MinSizeRel|x64.ActiveCfg = MinSizeRel|x64
		{C885C175-4AA0-35DE-A5FA-3B49B6B9F373}.MinSizeRel|x64.Build.0 = MinSizeRel|x64
		{C885C175-4AA0-35DE-A5FA-3B49B6B9F373}.RelWithDebInfo|x64.ActiveCfg = RelWithDebInfo|x64
		{C885C175-4AA0-35DE-A5FA-3B49B6B9F373}.RelWithDebInfo|x64.Build.0 = RelWithDebInfo|x64
		{A55067EE-CCAE-30E6-8FF8-CAFC295705E9}.Debug|x64.ActiveCfg = Debug|x64
		{A55067EE-CCAE-30E6-8FF8-CAFC295705E9}.Debug|x64.Build.0 = Debug|x64
		{A55067EE-CCAE-30E6-8FF8-CAFC295705E9}.Release|x64.ActiveCfg = Release|x64
		{A55067EE-CCAE-30E6-8FF8-CAFC295705E9}.Release|x64.Build.0 = Release|x64
		{A55067EE-CCAE-30E6-8FF8-CAFC295705E9}.MinSizeRel|x64.ActiveCfg = MinSizeRel|x64
		{A55067EE-CCAE-30E6-8FF8-CAFC295705E9}.MinSizeRel|x64.Build.0 = MinSizeRel|x64
		{A55067EE-CCAE-30E6-8FF8-CAFC295705E9}.RelWithDebInfo|x64.ActiveCfg = RelWithDebInfo|x64
		{A55067EE-CCAE-30E6-8FF8-CAFC295705E9}.RelWithDebInfo|x64.Build.0 = RelWithDebInfo|x64
		{B0E4AD24-D5D3-3ED6-9718-B5BC0F57EC8D}.Debug|x64.ActiveCfg = Debug|x64
		{B0E4AD24-D5D3-3ED6-9718-B5BC0F57EC8D}.Debug|x64.Build.0 = Debug|x64
		{B0E4AD24-D5D3-3ED6-9718-B5BC0F57EC8D}.Release|x64.ActiveCfg = Release|x64
		{B0E4AD24-D5D3-3ED6-9718-B5BC0F57EC8D}.Release|x64.Build.0 = Release|x64
		{B0E4AD24-D5D3-3ED6-9718-B5BC0F57EC8D}.MinSizeRel|x64.ActiveCfg = MinSizeRel|x64
		{B0E4AD24-D5D3-3ED6-9718-B5BC0F57EC8D}.MinSizeRel|x64.Build.0 = MinSizeRel|x64
		{B0E4AD24-D5D3-3ED6-9718-B5BC0F57EC8D}.RelWithDebInfo|x64.ActiveCfg = RelWithDebInfo|x64
		{B0E4AD24-D5D3-3ED6-9718-B5BC0F57EC8D}.RelWithDebInfo|x64.Build.0 = RelWithDebInfo|x64
		{077C7695-C195-3516-9746-A937A57FA1F6}.Debug|x64.ActiveCfg = Debug|x64
		{077C7695-C195-3516-9746-A937A57FA1F6}.Debug|x64.Build.0 = Debug|x64
		{077C7695-C195-3516-9746-A937A57FA1F6}.Release|x64.ActiveCfg = Release|x64
		{077C7695-C195-3516-9746-A937A57FA1F6}.Release|x64.Build.0 = Release|x64
		{077C7695-C195-3516-9746-A937A57FA1F6}.MinSizeRel|x64.ActiveCfg = MinSizeRel|x64
		{077C7695-C195-3516-9746-A937A57FA1F6}.MinSizeRel|x64.Build.0 = MinSizeRel|x64
		{077C7695-C195-3516-9746-A937A57FA1F6}.RelWithDebInfo|x64.ActiveCfg = RelWithDebInfo|x64
		{077C7695-C195-3516-9746-A937A57FA1F6}.RelWithDebInfo|x64.Build.0 = RelWithDebInfo|x64
		{45ADF86B-4E76-368A-88F3-A74AA2D10EE2}.Debug|x64.ActiveCfg = Debug|x64
		{45ADF86B-4E76-368A-88F3-A74AA2D10EE2}.Debug|x64.Build.0 = Debug|x64
		{45ADF86B-4E76-368A-88F3-A74AA2D10EE2}.Release|x64.ActiveCfg = Release|x64
		{45ADF86B-4E76-368A-88F3-A74AA2D10EE2}.Release|x64.Build.0 = Release|x64
		{45ADF86B-4E76-368A-88F3-A74AA2D10EE2}.MinSizeRel|x64.ActiveCfg = MinSizeRel|x64
		{45ADF86B-4E76-368A-88F3-A74AA2D10EE2}.MinSizeRel|x64.Build.0 = MinSizeRel|x64
		{45ADF86B-4E76-368A-88F3-A74AA2D10EE2}.RelWithDebInfo|x64.ActiveCfg = RelWithDebInfo|x64
		{45ADF86B-4E76-368A-88F3-A74AA2D10EE2}.RelWithDebInfo|x64.Build.0 = RelWithDebInfo|x64
		{3577F4FA-3B73-3DDE-ACF2-0A2910B1CC95}.Debug|x64.ActiveCfg = Debug|x64
		{3577F4FA-3B73-3DDE-ACF2-0A2910B1CC95}.Debug|x64.Build.0 = Debug|x64
		{3577F4FA-3B73-3DDE-ACF2-0A2910B1CC95}.Release|x64.ActiveCfg = Release|x64
		{3577F4FA-3B73-3DDE-ACF2-0A2910B1CC95}.Release|x64.Build.0 = Release|x64
		{3577F4FA-3B73-3DDE-ACF2-0A2910B1CC95}.MinSizeRel|x64.ActiveCfg = MinSizeRel|x64
		{3577F4FA-3B73-3DDE-ACF2-0A2910B1CC95}.MinSizeRel|x64.Build.0 = MinSizeRel|x64
		{3577F4FA-3B73-3DDE-ACF2-0A2910B1CC95}.RelWithDebInfo|x64.ActiveCfg = RelWithDebInfo|x64
		{3577F4FA-3B73-3DDE-ACF2-0A2910B1CC95}.RelWithDebInfo|x64.Build.0 = RelWithDebInfo|x64
		{3CB188DC-A71F-36E1-A35B-3565106A7182}.Debug|x64.ActiveCfg = Debug|x64
		{3CB188DC-A71F-36E1-A35B-3565106A7182}.Debug|x64.Build.0 = Debug|x64
		{3CB188DC-A71F-36E1-A35B-3565106A7182}.Release|x64.ActiveCfg = Release|x64
		{3CB188DC-A71F-36E1-A35B-3565106A7182}.Release|x64.Build.0 = Release|x64
		{3CB188DC-A71F-36E1-A35B-3565106A7182}.MinSizeRel|x64.ActiveCfg = MinSizeRel|x64
		{3CB188DC-A71F-36E1-A35B-3565106A7182}.MinSizeRel|x64.Build.0 = MinSizeRel|x64
		{3CB188DC-A71F-36E1-A35B-3565106A7182}.RelWithDebInfo|x64.ActiveCfg = RelWithDebInfo|x64
		{3CB188DC-A71F-36E1-A35B-3565106A7182}.RelWithDebInfo|x64.Build.0 = RelWithDebInfo|x64
		{0E769567-E68D-37F9-985D-51993F4AC32A}.Debug|x64.ActiveCfg = Debug|x64
		{0E769567-E68D-37F9-985D-51993F4AC32A}.Debug|x64.Build.0 = Debug|x64
		{0E769567-E68D-37F9-985D-51993F4AC32A}.Release|x64.ActiveCfg = Release|x64
		{0E769567-E68D-37F9-985D-51993F4AC32A}.Release|x64.Build.0 = Release|x64
		{0E769567-E68D-37F9-985D-51993F4AC32A}.MinSizeRel|x64.ActiveCfg = MinSizeRel|x64
		{0E769567-E68D-37F9-985D-51993F4AC32A}.MinSizeRel|x64.Build.0 = MinSizeRel|x64
		{0E769567-E68D-37F9-985D-51993F4AC32A}.RelWithDebInfo|x64.ActiveCfg = RelWithDebInfo|x64
		{0E769567-E68D-37F9-985D-51993F4AC32A}.RelWithDebInfo|x64.Build.0 = RelWithDebInfo|x64
		{0BA4DD01-948D-353C-A966-3FC25C2C439E}.Debug|x64.ActiveCfg = Debug|x64
		{0BA4DD01-948D-353C-A966-3FC25C2C439E}.Debug|x64.Build.0 = Debug|x64
		{0BA4DD01-948D-353C-A966-3FC25C2C439E}.Release|x64.ActiveCfg = Release|x64
		{0BA4DD01-948D-353C-A966-3FC25C2C439E}.Release|x64.Build.0 = Release|x64
		{0BA4DD01-948D-353C-A966-3FC25C2C439E}.MinSizeRel|x64.ActiveCfg = MinSizeRel|x64
		{0BA4DD01-948D-353C-A966-3FC25C2C439E}.MinSizeRel|x64.Build.0 = MinSizeRel|x64
		{0BA4DD01-948D-353C-A966-3FC25C2C439E}.RelWithDebInfo|x64.ActiveCfg = RelWithDebInfo|x64
		{0BA4DD01-948D-353C-A966-3FC25C2C439E}.RelWithDebInfo|x64.Build.0 = RelWithDebInfo|x64
		{F17F170D-DF50-3CB1-B70D-ECA3FC61E663}.Debug|x64.ActiveCfg = Debug|x64
		{F17F170D-DF50-3CB1-B70D-ECA3FC61E663}.Debug|x64.Build.0 = Debug|x64
		{F17F170D-DF50-3CB1-B70D-ECA3FC61E663}.Release|x64.ActiveCfg = Release|x64
		{F17F170D-DF50-3CB1-B70D-ECA3FC61E663}.Release|x64.Build.0 = Release|x64
		{F17F170D-DF50-3CB1-B70D-ECA3FC61E663}.MinSizeRel|x64.ActiveCfg = MinSizeRel|x64
		{F17F170D-DF50-3CB1-B70D-ECA3FC61E663}.MinSizeRel|x64.Build.0 = MinSizeRel|x64
		{F17F170D-DF50-3CB1-B70D-ECA3FC61E663}.RelWithDebInfo|x64.ActiveCfg = RelWithDebInfo|x64
		{F17F170D-DF50-3CB1-B70D-ECA3FC61E663}.RelWithDebInfo|x64.Build.0 = RelWithDebInfo|x64
		{9D07D4FD-9C56-37D8-A358-A4254DCF5D44}.Debug|x64.ActiveCfg = Debug|x64
		{9D07D4FD-9C56-37D8-A358-A4254DCF5D44}.Debug|x64.Build.0 = Debug|x64
		{9D07D4FD-9C56-37D8-A358-A4254DCF5D44}.Release|x64.ActiveCfg = Release|x64
		{9D07D4FD-9C56-37D8-A358-A4254DCF5D44}.Release|x64.Build.0 = Release|x64
		{9D07D4FD-9C56-37D8-A358-A4254DCF5D44}.MinSizeRel|x64.ActiveCfg = MinSizeRel|x64
		{9D07D4FD-9C56-37D8-A358-A4254DCF5D44}.MinSizeRel|x64.Build.0 = MinSizeRel|x64
		{9D07D4FD-9C56-37D8-A358-A4254DCF5D44}.RelWithDebInfo|x64.ActiveCfg = RelWithDebInfo|x64
		{9D07D4FD-9C56-37D8-A358-A4254DCF5D44}.RelWithDebInfo|x64.Build.0 = RelWithDebInfo|x64
		{BFB52AAC-CA78-3453-879F-81F52554BFA9}.Debug|x64.ActiveCfg = Debug|x64
		{BFB52AAC-CA78-3453-879F-81F52554BFA9}.Debug|x64.Build.0 = Debug|x64
		{BFB52AAC-CA78-3453-879F-81F52554BFA9}.Release|x64.ActiveCfg = Release|x64
		{BFB52AAC-CA78-3453-879F-81F52554BFA9}.Release|x64.Build.0 = Release|x64
		{BFB52AAC-CA78-3453-879F-81F52554BFA9}.MinSizeRel|x64.ActiveCfg = MinSizeRel|x64
		{BFB52AAC-CA78-3453-879F-81F52554BFA9}.MinSizeRel|x64.Build.0 = MinSizeRel|x64
		{BFB52AAC-CA78-3453-879F-81F52554BFA9}.RelWithDebInfo|x64.ActiveCfg = RelWithDebInfo|x64
		{BFB52AAC-CA78-3453-879F-81F52554BFA9}.RelWithDebInfo|x64.Build.0 = RelWithDebInfo|x64
		{09D2BCC3-4C43-360B-90AD-3D164906C4D5}.Debug|x64.ActiveCfg = Debug|x64
		{09D2BCC3-4C43-360B-90AD-3D164906C4D5}.Debug|x64.Build.0 = Debug|x64
		{09D2BCC3-4C43-360B-90AD-3D164906C4D5}.Release|x64.ActiveCfg = Release|x64
		{09D2BCC3-4C43-360B-90AD-3D164906C4D5}.Release|x64.Build.0 = Release|x64
		{09D2BCC3-4C43-360B-90AD-3D164906C4D5}.MinSizeRel|x64.ActiveCfg = MinSizeRel|x64
		{09D2BCC3-4C43-360B-90AD-3D164906C4D5}.MinSizeRel|x64.Build.0 = MinSizeRel|x64
		{09D2BCC3-4C43-360B-90AD-3D164906C4D5}.RelWithDebInfo|x64.ActiveCfg = RelWithDebInfo|x64
		{09D2BCC3-4C43-360B-90AD-3D164906C4D5}.RelWithDebInfo|x64.Build.0 = RelWithDebInfo|x64
		{AE25D9EA-9237-3EE4-B83B-9C19C05A725E}.Debug|x64.ActiveCfg = Debug|x64
		{AE25D9EA-9237-3EE4-B83B-9C19C05A725E}.Debug|x64.Build.0 = Debug|x64
		{AE25D9EA-9237-3EE4-B83B-9C19C05A725E}.Release|x64.ActiveCfg = Release|x64
		{AE25D9EA-9237-3EE4-B83B-9C19C05A725E}.Release|x64.Build.0 = Release|x64
		{AE25D9EA-9237-3EE4-B83B-9C19C05A725E}.MinSizeRel|x64.ActiveCfg = MinSizeRel|x64
		{AE25D9EA-9237-3EE4-B83B-9C19C05A725E}.MinSizeRel|x64.Build.0 = MinSizeRel|x64
		{AE25D9EA-9237-3EE4-B83B-9C19C05A725E}.RelWithDebInfo|x64.ActiveCfg = RelWithDebInfo|x64
		{AE25D9EA-9237-3EE4-B83B-9C19C05A725E}.RelWithDebInfo|x64.Build.0 = RelWithDebInfo|x64
		{9AFFAF62-0207-3B33-A6A5-5047DB31940F}.Debug|x64.ActiveCfg = Debug|x64
		{9AFFAF62-0207-3B33-A6A5-5047DB31940F}.Debug|x64.Build.0 = Debug|x64
		{9AFFAF62-0207-3B33-A6A5-5047DB31940F}.Release|x64.ActiveCfg = Release|x64
		{9AFFAF62-0207-3B33-A6A5-5047DB31940F}.Release|x64.Build.0 = Release|x64
		{9AFFAF62-0207-3B33-A6A5-5047DB31940F}.MinSizeRel|x64.ActiveCfg = MinSizeRel|x64
		{9AFFAF62-0207-3B33-A6A5-5047DB31940F}.MinSizeRel|x64.Build.0 = MinSizeRel|x64
		{9AFFAF62-0207-3B33-A6A5-5047DB31940F}.RelWithDebInfo|x64.ActiveCfg = RelWithDebInfo|x64
		{9AFFAF62-0207-3B33-A6A5-5047DB31940F}.RelWithDebInfo|x64.Build.0 = RelWithDebInfo|x64
		{0B437FC2-A388-39DC-B594-30D166D2EFC0}.Debug|x64.ActiveCfg = Debug|x64
		{0B437FC2-A388-39DC-B594-30D166D2EFC0}.Debug|x64.Build.0 = Debug|x64
		{0B437FC2-A388-39DC-B594-30D166D2EFC0}.Release|x64.ActiveCfg = Release|x64
		{0B437FC2-A388-39DC-B594-30D166D2EFC0}.Release|x64.Build.0 = Release|x64
		{0B437FC2-A388-39DC-B594-30D166D2EFC0}.MinSizeRel|x64.ActiveCfg = MinSizeRel|x64
		{0B437FC2-A388-39DC-B594-30D166D2EFC0}.MinSizeRel|x64.Build.0 = MinSizeRel|x64
		{0B437FC2-A388-39DC-B594-30D166D2EFC0}.RelWithDebInfo|x64.ActiveCfg = RelWithDebInfo|x64
		{0B437FC2-A388-39DC-B594-30D166D2EFC0}.RelWithDebInfo|x64.Build.0 = RelWithDebInfo|x64
		{C9DFED71-F37E-3491-BB2C-B3410E1BA077}.Debug|x64.ActiveCfg = Debug|x64
		{C9DFED71-F37E-3491-BB2C-B3410E1BA077}.Debug|x64.Build.0 = Debug|x64
		{C9DFED71-F37E-3491-BB2C-B3410E1BA077}.Release|x64.ActiveCfg = Release|x64
		{C9DFED71-F37E-3491-BB2C-B3410E1BA077}.Release|x64.Build.0 = Release|x64
		{C9DFED71-F37E-3491-BB2C-B3410E1BA077}.MinSizeRel|x64.ActiveCfg = MinSizeRel|x64
		{C9DFED71-F37E-3491-BB2C-B3410E1BA077}.MinSizeRel|x64.Build.0 = MinSizeRel|x64
		{C9DFED71-F37E-3491-BB2C-B3410E1BA077}.RelWithDebInfo|x64.ActiveCfg = RelWithDebInfo|x64
		{C9DFED71-F37E-3491-BB2C-B3410E1BA077}.RelWithDebInfo|x64.Build.0 = RelWithDebInfo|x64
		{7FDB8441-079A-3A40-B7A8-75F6137E72F0}.Debug|x64.ActiveCfg = Debug|x64
		{7FDB8441-079A-3A40-B7A8-75F6137E72F0}.Debug|x64.Build.0 = Debug|x64
		{7FDB8441-079A-3A40-B7A8-75F6137E72F0}.Release|x64.ActiveCfg = Release|x64
		{7FDB8441-079A-3A40-B7A8-75F6137E72F0}.Release|x64.Build.0 = Release|x64
		{7FDB8441-079A-3A40-B7A8-75F6137E72F0}.MinSizeRel|x64.ActiveCfg = MinSizeRel|x64
		{7FDB8441-079A-3A40-B7A8-75F6137E72F0}.MinSizeRel|x64.Build.0 = MinSizeRel|x64
		{7FDB8441-079A-3A40-B7A8-75F6137E72F0}.RelWithDebInfo|x64.ActiveCfg = RelWithDebInfo|x64
		{7FDB8441-079A-3A40-B7A8-75F6137E72F0}.RelWithDebInfo|x64.Build.0 = RelWithDebInfo|x64
		{42654B86-9828-304D-A4C9-5F7BA028C5DE}.Debug|x64.ActiveCfg = Debug|x64
		{42654B86-9828-304D-A4C9-5F7BA028C5DE}.Debug|x64.Build.0 = Debug|x64
		{42654B86-9828-304D-A4C9-5F7BA028C5DE}.Release|x64.ActiveCfg = Release|x64
		{42654B86-9828-304D-A4C9-5F7BA028C5DE}.Release|x64.Build.0 = Release|x64
		{42654B86-9828-304D-A4C9-5F7BA028C5DE}.MinSizeRel|x64.ActiveCfg = MinSizeRel|x64
		{42654B86-9828-304D-A4C9-5F7BA028C5DE}.MinSizeRel|x64.Build.0 = MinSizeRel|x64
		{42654B86-9828-304D-A4C9-5F7BA028C5DE}.RelWithDebInfo|x64.ActiveCfg = RelWithDebInfo|x64
		{42654B86-9828-304D-A4C9-5F7BA028C5DE}.RelWithDebInfo|x64.Build.0 = RelWithDebInfo|x64
		{F6F2F98D-46E1-33D3-A2F5-0A78EF65B834}.Debug|x64.ActiveCfg = Debug|x64
		{F6F2F98D-46E1-33D3-A2F5-0A78EF65B834}.Debug|x64.Build.0 = Debug|x64
		{F6F2F98D-46E1-33D3-A2F5-0A78EF65B834}.Release|x64.ActiveCfg = Release|x64
		{F6F2F98D-46E1-33D3-A2F5-0A78EF65B834}.Release|x64.Build.0 = Release|x64
		{F6F2F98D-46E1-33D3-A2F5-0A78EF65B834}.MinSizeRel|x64.ActiveCfg = MinSizeRel|x64
		{F6F2F98D-46E1-33D3-A2F5-0A78EF65B834}.MinSizeRel|x64.Build.0 = MinSizeRel|x64
		{F6F2F98D-46E1-33D3-A2F5-0A78EF65B834}.RelWithDebInfo|x64.ActiveCfg = RelWithDebInfo|x64
		{F6F2F98D-46E1-33D3-A2F5-0A78EF65B834}.RelWithDebInfo|x64.Build.0 = RelWithDebInfo|x64
		{FE40ACFF-0E3F-327C-AD7A-5526FD0B8268}.Debug|x64.ActiveCfg = Debug|x64
		{FE40ACFF-0E3F-327C-AD7A-5526FD0B8268}.Debug|x64.Build.0 = Debug|x64
		{FE40ACFF-0E3F-327C-AD7A-5526FD0B8268}.Release|x64.ActiveCfg = Release|x64
		{FE40ACFF-0E3F-327C-AD7A-5526FD0B8268}.Release|x64.Build.0 = Release|x64
		{FE40ACFF-0E3F-327C-AD7A-5526FD0B8268}.MinSizeRel|x64.ActiveCfg = MinSizeRel|x64
		{FE40ACFF-0E3F-327C-AD7A-5526FD0B8268}.MinSizeRel|x64.Build.0 = MinSizeRel|x64
		{FE40ACFF-0E3F-327C-AD7A-5526FD0B8268}.RelWithDebInfo|x64.ActiveCfg = RelWithDebInfo|x64
		{FE40ACFF-0E3F-327C-AD7A-5526FD0B8268}.RelWithDebInfo|x64.Build.0 = RelWithDebInfo|x64
		{FB8528BB-5E6F-3748-A004-8F102AB5475D}.Debug|x64.ActiveCfg = Debug|x64
		{FB8528BB-5E6F-3748-A004-8F102AB5475D}.Debug|x64.Build.0 = Debug|x64
		{FB8528BB-5E6F-3748-A004-8F102AB5475D}.Release|x64.ActiveCfg = Release|x64
		{FB8528BB-5E6F-3748-A004-8F102AB5475D}.Release|x64.Build.0 = Release|x64
		{FB8528BB-5E6F-3748-A004-8F102AB5475D}.MinSizeRel|x64.ActiveCfg = MinSizeRel|x64
		{FB8528BB-5E6F-3748-A004-8F102AB5475D}.MinSizeRel|x64.Build.0 = MinSizeRel|x64
		{FB8528BB-5E6F-3748-A004-8F102AB5475D}.RelWithDebInfo|x64.ActiveCfg = RelWithDebInfo|x64
		{FB8528BB-5E6F-3748-A004-8F102AB5475D}.RelWithDebInfo|x64.Build.0 = RelWithDebInfo|x64
		{E35F1FC4-519E-3AB8-94CD-F669CB12F6BD}.Debug|x64.ActiveCfg = Debug|x64
		{E35F1FC4-519E-3AB8-94CD-F669CB12F6BD}.Debug|x64.Build.0 = Debug|x64
		{E35F1FC4-519E-3AB8-94CD-F669CB12F6BD}.Release|x64.ActiveCfg = Release|x64
		{E35F1FC4-519E-3AB8-94CD-F669CB12F6BD}.Release|x64.Build.0 = Release|x64
		{E35F1FC4-519E-3AB8-94CD-F669CB12F6BD}.MinSizeRel|x64.ActiveCfg = MinSizeRel|x64
		{E35F1FC4-519E-3AB8-94CD-F669CB12F6BD}.MinSizeRel|x64.Build.0 = MinSizeRel|x64
		{E35F1FC4-519E-3AB8-94CD-F669CB12F6BD}.RelWithDebInfo|x64.ActiveCfg = RelWithDebInfo|x64
		{E35F1FC4-519E-3AB8-94CD-F669CB12F6BD}.RelWithDebInfo|x64.Build.0 = RelWithDebInfo|x64
		{50160003-DC66-3165-A5FC-FD3703503E63}.Debug|x64.ActiveCfg = Debug|x64
		{50160003-DC66-3165-A5FC-FD3703503E63}.Debug|x64.Build.0 = Debug|x64
		{50160003-DC66-3165-A5FC-FD3703503E63}.Release|x64.ActiveCfg = Release|x64
		{50160003-DC66-3165-A5FC-FD3703503E63}.Release|x64.Build.0 = Release|x64
		{50160003-DC66-3165-A5FC-FD3703503E63}.MinSizeRel|x64.ActiveCfg = MinSizeRel|x64
		{50160003-DC66-3165-A5FC-FD3703503E63}.MinSizeRel|x64.Build.0 = MinSizeRel|x64
		{50160003-DC66-3165-A5FC-FD3703503E63}.RelWithDebInfo|x64.ActiveCfg = RelWithDebInfo|x64
		{50160003-DC66-3165-A5FC-FD3703503E63}.RelWithDebInfo|x64.Build.0 = RelWithDebInfo|x64
		{6080AFB1-DBB2-3597-B457-31230BB1BA4C}.Debug|x64.ActiveCfg = Debug|x64
		{6080AFB1-DBB2-3597-B457-31230BB1BA4C}.Debug|x64.Build.0 = Debug|x64
		{6080AFB1-DBB2-3597-B457-31230BB1BA4C}.Release|x64.ActiveCfg = Release|x64
		{6080AFB1-DBB2-3597-B457-31230BB1BA4C}.Release|x64.Build.0 = Release|x64
		{6080AFB1-DBB2-3597-B457-31230BB1BA4C}.MinSizeRel|x64.ActiveCfg = MinSizeRel|x64
		{6080AFB1-DBB2-3597-B457-31230BB1BA4C}.MinSizeRel|x64.Build.0 = MinSizeRel|x64
		{6080AFB1-DBB2-3597-B457-31230BB1BA4C}.RelWithDebInfo|x64.ActiveCfg = RelWithDebInfo|x64
		{6080AFB1-DBB2-3597-B457-31230BB1BA4C}.RelWithDebInfo|x64.Build.0 = RelWithDebInfo|x64
		{45160079-390B-3C32-8FD7-0AE1F629AFBA}.Debug|x64.ActiveCfg = Debug|x64
		{45160079-390B-3C32-8FD7-0AE1F629AFBA}.Debug|x64.Build.0 = Debug|x64
		{45160079-390B-3C32-8FD7-0AE1F629AFBA}.Release|x64.ActiveCfg = Release|x64
		{45160079-390B-3C32-8FD7-0AE1F629AFBA}.Release|x64.Build.0 = Release|x64
		{45160079-390B-3C32-8FD7-0AE1F629AFBA}.MinSizeRel|x64.ActiveCfg = MinSizeRel|x64
		{45160079-390B-3C32-8FD7-0AE1F629AFBA}.MinSizeRel|x64.Build.0 = MinSizeRel|x64
		{45160079-390B-3C32-8FD7-0AE1F629AFBA}.RelWithDebInfo|x64.ActiveCfg = RelWithDebInfo|x64
		{45160079-390B-3C32-8FD7-0AE1F629AFBA}.RelWithDebInfo|x64.Build.0 = RelWithDebInfo|x64
		{23CC21BE-FFD7-3279-86E2-8E665EEA3056}.Debug|x64.ActiveCfg = Debug|x64
		{23CC21BE-FFD7-3279-86E2-8E665EEA3056}.Debug|x64.Build.0 = Debug|x64
		{23CC21BE-FFD7-3279-86E2-8E665EEA3056}.Release|x64.ActiveCfg = Release|x64
		{23CC21BE-FFD7-3279-86E2-8E665EEA3056}.Release|x64.Build.0 = Release|x64
		{23CC21BE-FFD7-3279-86E2-8E665EEA3056}.MinSizeRel|x64.ActiveCfg = MinSizeRel|x64
		{23CC21BE-FFD7-3279-86E2-8E665EEA3056}.MinSizeRel|x64.Build.0 = MinSizeRel|x64
		{23CC21BE-FFD7-3279-86E2-8E665EEA3056}.RelWithDebInfo|x64.ActiveCfg = RelWithDebInfo|x64
		{23CC21BE-FFD7-3279-86E2-8E665EEA3056}.RelWithDebInfo|x64.Build.0 = RelWithDebInfo|x64
		{AE7E1113-4CEC-3315-A252-B4AB0F79CBBC}.Debug|x64.ActiveCfg = Debug|x64
		{AE7E1113-4CEC-3315-A252-B4AB0F79CBBC}.Debug|x64.Build.0 = Debug|x64
		{AE7E1113-4CEC-3315-A252-B4AB0F79CBBC}.Release|x64.ActiveCfg = Release|x64
		{AE7E1113-4CEC-3315-A252-B4AB0F79CBBC}.Release|x64.Build.0 = Release|x64
		{AE7E1113-4CEC-3315-A252-B4AB0F79CBBC}.MinSizeRel|x64.ActiveCfg = MinSizeRel|x64
		{AE7E1113-4CEC-3315-A252-B4AB0F79CBBC}.MinSizeRel|x64.Build.0 = MinSizeRel|x64
		{AE7E1113-4CEC-3315-A252-B4AB0F79CBBC}.RelWithDebInfo|x64.ActiveCfg = RelWithDebInfo|x64
		{AE7E1113-4CEC-3315-A252-B4AB0F79CBBC}.RelWithDebInfo|x64.Build.0 = RelWithDebInfo|x64
		{0A969685-3040-374A-A537-E6D255D783C2}.Debug|x64.ActiveCfg = Debug|x64
		{0A969685-3040-374A-A537-E6D255D783C2}.Debug|x64.Build.0 = Debug|x64
		{0A969685-3040-374A-A537-E6D255D783C2}.Release|x64.ActiveCfg = Release|x64
		{0A969685-3040-374A-A537-E6D255D783C2}.Release|x64.Build.0 = Release|x64
		{0A969685-3040-374A-A537-E6D255D783C2}.MinSizeRel|x64.ActiveCfg = MinSizeRel|x64
		{0A969685-3040-374A-A537-E6D255D783C2}.MinSizeRel|x64.Build.0 = MinSizeRel|x64
		{0A969685-3040-374A-A537-E6D255D783C2}.RelWithDebInfo|x64.ActiveCfg = RelWithDebInfo|x64
		{0A969685-3040-374A-A537-E6D255D783C2}.RelWithDebInfo|x64.Build.0 = RelWithDebInfo|x64
		{3D7215C4-48E5-3BBF-B27C-A1BAAF02FC34}.Debug|x64.ActiveCfg = Debug|x64
		{3D7215C4-48E5-3BBF-B27C-A1BAAF02FC34}.Debug|x64.Build.0 = Debug|x64
		{3D7215C4-48E5-3BBF-B27C-A1BAAF02FC34}.Release|x64.ActiveCfg = Release|x64
		{3D7215C4-48E5-3BBF-B27C-A1BAAF02FC34}.Release|x64.Build.0 = Release|x64
		{3D7215C4-48E5-3BBF-B27C-A1BAAF02FC34}.MinSizeRel|x64.ActiveCfg = MinSizeRel|x64
		{3D7215C4-48E5-3BBF-B27C-A1BAAF02FC34}.MinSizeRel|x64.Build.0 = MinSizeRel|x64
		{3D7215C4-48E5-3BBF-B27C-A1BAAF02FC34}.RelWithDebInfo|x64.ActiveCfg = RelWithDebInfo|x64
		{3D7215C4-48E5-3BBF-B27C-A1BAAF02FC34}.RelWithDebInfo|x64.Build.0 = RelWithDebInfo|x64
		{36B5C8AE-5C2A-3D9B-A0F0-320DB0CC93B4}.Debug|x64.ActiveCfg = Debug|x64
		{36B5C8AE-5C2A-3D9B-A0F0-320DB0CC93B4}.Debug|x64.Build.0 = Debug|x64
		{36B5C8AE-5C2A-3D9B-A0F0-320DB0CC93B4}.Release|x64.ActiveCfg = Release|x64
		{36B5C8AE-5C2A-3D9B-A0F0-320DB0CC93B4}.Release|x64.Build.0 = Release|x64
		{36B5C8AE-5C2A-3D9B-A0F0-320DB0CC93B4}.MinSizeRel|x64.ActiveCfg = MinSizeRel|x64
		{36B5C8AE-5C2A-3D9B-A0F0-320DB0CC93B4}.MinSizeRel|x64.Build.0 = MinSizeRel|x64
		{36B5C8AE-5C2A-3D9B-A0F0-320DB0CC93B4}.RelWithDebInfo|x64.ActiveCfg = RelWithDebInfo|x64
		{36B5C8AE-5C2A-3D9B-A0F0-320DB0CC93B4}.RelWithDebInfo|x64.Build.0 = RelWithDebInfo|x64
		{199DE106-3632-3DC6-BFAB-1E980F72A1FA}.Debug|x64.ActiveCfg = Debug|x64
		{199DE106-3632-3DC6-BFAB-1E980F72A1FA}.Debug|x64.Build.0 = Debug|x64
		{199DE106-3632-3DC6-BFAB-1E980F72A1FA}.Release|x64.ActiveCfg = Release|x64
		{199DE106-3632-3DC6-BFAB-1E980F72A1FA}.Release|x64.Build.0 = Release|x64
		{199DE106-3632-3DC6-BFAB-1E980F72A1FA}.MinSizeRel|x64.ActiveCfg = MinSizeRel|x64
		{199DE106-3632-3DC6-BFAB-1E980F72A1FA}.MinSizeRel|x64.Build.0 = MinSizeRel|x64
		{199DE106-3632-3DC6-BFAB-1E980F72A1FA}.RelWithDebInfo|x64.ActiveCfg = RelWithDebInfo|x64
		{199DE106-3632-3DC6-BFAB-1E980F72A1FA}.RelWithDebInfo|x64.Build.0 = RelWithDebInfo|x64
		{B495A6B3-109A-36E6-80A7-814EA66AA952}.Debug|x64.ActiveCfg = Debug|x64
		{B495A6B3-109A-36E6-80A7-814EA66AA952}.Debug|x64.Build.0 = Debug|x64
		{B495A6B3-109A-36E6-80A7-814EA66AA952}.Release|x64.ActiveCfg = Release|x64
		{B495A6B3-109A-36E6-80A7-814EA66AA952}.Release|x64.Build.0 = Release|x64
		{B495A6B3-109A-36E6-80A7-814EA66AA952}.MinSizeRel|x64.ActiveCfg = MinSizeRel|x64
		{B495A6B3-109A-36E6-80A7-814EA66AA952}.MinSizeRel|x64.Build.0 = MinSizeRel|x64
		{B495A6B3-109A-36E6-80A7-814EA66AA952}.RelWithDebInfo|x64.ActiveCfg = RelWithDebInfo|x64
		{B495A6B3-109A-36E6-80A7-814EA66AA952}.RelWithDebInfo|x64.Build.0 = RelWithDebInfo|x64
		{611B0135-5607-3EC7-BD08-E2EAE7582044}.Debug|x64.ActiveCfg = Debug|x64
		{611B0135-5607-3EC7-BD08-E2EAE7582044}.Debug|x64.Build.0 = Debug|x64
		{611B0135-5607-3EC7-BD08-E2EAE7582044}.Release|x64.ActiveCfg = Release|x64
		{611B0135-5607-3EC7-BD08-E2EAE7582044}.Release|x64.Build.0 = Release|x64
		{611B0135-5607-3EC7-BD08-E2EAE7582044}.MinSizeRel|x64.ActiveCfg = MinSizeRel|x64
		{611B0135-5607-3EC7-BD08-E2EAE7582044}.MinSizeRel|x64.Build.0 = MinSizeRel|x64
		{611B0135-5607-3EC7-BD08-E2EAE7582044}.RelWithDebInfo|x64.ActiveCfg = RelWithDebInfo|x64
		{611B0135-5607-3EC7-BD08-E2EAE7582044}.RelWithDebInfo|x64.Build.0 = RelWithDebInfo|x64
		{09B24CDE-C06C-3988-A93E-7EA09EBDEBE8}.Debug|x64.ActiveCfg = Debug|x64
		{09B24CDE-C06C-3988-A93E-7EA09EBDEBE8}.Debug|x64.Build.0 = Debug|x64
		{09B24CDE-C06C-3988-A93E-7EA09EBDEBE8}.Release|x64.ActiveCfg = Release|x64
		{09B24CDE-C06C-3988-A93E-7EA09EBDEBE8}.Release|x64.Build.0 = Release|x64
		{09B24CDE-C06C-3988-A93E-7EA09EBDEBE8}.MinSizeRel|x64.ActiveCfg = MinSizeRel|x64
		{09B24CDE-C06C-3988-A93E-7EA09EBDEBE8}.MinSizeRel|x64.Build.0 = MinSizeRel|x64
		{09B24CDE-C06C-3988-A93E-7EA09EBDEBE8}.RelWithDebInfo|x64.ActiveCfg = RelWithDebInfo|x64
		{09B24CDE-C06C-3988-A93E-7EA09EBDEBE8}.RelWithDebInfo|x64.Build.0 = RelWithDebInfo|x64
		{8F1F7E06-8059-32E1-9BDC-F9187092D26F}.Debug|x64.ActiveCfg = Debug|x64
		{8F1F7E06-8059-32E1-9BDC-F9187092D26F}.Release|x64.ActiveCfg = Release|x64
		{8F1F7E06-8059-32E1-9BDC-F9187092D26F}.MinSizeRel|x64.ActiveCfg = MinSizeRel|x64
		{8F1F7E06-8059-32E1-9BDC-F9187092D26F}.RelWithDebInfo|x64.ActiveCfg = RelWithDebInfo|x64
		{52CCF15B-9D4F-3295-9734-994D7AB1DC63}.Debug|x64.ActiveCfg = Debug|x64
		{52CCF15B-9D4F-3295-9734-994D7AB1DC63}.Debug|x64.Build.0 = Debug|x64
		{52CCF15B-9D4F-3295-9734-994D7AB1DC63}.Release|x64.ActiveCfg = Release|x64
		{52CCF15B-9D4F-3295-9734-994D7AB1DC63}.Release|x64.Build.0 = Release|x64
		{52CCF15B-9D4F-3295-9734-994D7AB1DC63}.MinSizeRel|x64.ActiveCfg = MinSizeRel|x64
		{52CCF15B-9D4F-3295-9734-994D7AB1DC63}.MinSizeRel|x64.Build.0 = MinSizeRel|x64
		{52CCF15B-9D4F-3295-9734-994D7AB1DC63}.RelWithDebInfo|x64.ActiveCfg = RelWithDebInfo|x64
		{52CCF15B-9D4F-3295-9734-994D7AB1DC63}.RelWithDebInfo|x64.Build.0 = RelWithDebInfo|x64
		{93F6947A-6DD7-36AB-BBDC-677760B0137C}.Debug|x64.ActiveCfg = Debug|x64
		{93F6947A-6DD7-36AB-BBDC-677760B0137C}.Debug|x64.Build.0 = Debug|x64
		{93F6947A-6DD7-36AB-BBDC-677760B0137C}.Release|x64.ActiveCfg = Release|x64
		{93F6947A-6DD7-36AB-BBDC-677760B0137C}.Release|x64.Build.0 = Release|x64
		{93F6947A-6DD7-36AB-BBDC-677760B0137C}.MinSizeRel|x64.ActiveCfg = MinSizeRel|x64
		{93F6947A-6DD7-36AB-BBDC-677760B0137C}.MinSizeRel|x64.Build.0 = MinSizeRel|x64
		{93F6947A-6DD7-36AB-BBDC-677760B0137C}.RelWithDebInfo|x64.ActiveCfg = RelWithDebInfo|x64
		{93F6947A-6DD7-36AB-BBDC-677760B0137C}.RelWithDebInfo|x64.Build.0 = RelWithDebInfo|x64
		{BB977775-6EFC-396F-AF5F-37A441A4AA61}.Debug|x64.ActiveCfg = Debug|x64
		{BB977775-6EFC-396F-AF5F-37A441A4AA61}.Debug|x64.Build.0 = Debug|x64
		{BB977775-6EFC-396F-AF5F-37A441A4AA61}.Release|x64.ActiveCfg = Release|x64
		{BB977775-6EFC-396F-AF5F-37A441A4AA61}.Release|x64.Build.0 = Release|x64
		{BB977775-6EFC-396F-AF5F-37A441A4AA61}.MinSizeRel|x64.ActiveCfg = MinSizeRel|x64
		{BB977775-6EFC-396F-AF5F-37A441A4AA61}.MinSizeRel|x64.Build.0 = MinSizeRel|x64
		{BB977775-6EFC-396F-AF5F-37A441A4AA61}.RelWithDebInfo|x64.ActiveCfg = RelWithDebInfo|x64
		{BB977775-6EFC-396F-AF5F-37A441A4AA61}.RelWithDebInfo|x64.Build.0 = RelWithDebInfo|x64
		{0F63EB89-77F3-3464-B806-2A7427A2236C}.Debug|x64.ActiveCfg = Debug|x64
		{0F63EB89-77F3-3464-B806-2A7427A2236C}.Debug|x64.Build.0 = Debug|x64
		{0F63EB89-77F3-3464-B806-2A7427A2236C}.Release|x64.ActiveCfg = Release|x64
		{0F63EB89-77F3-3464-B806-2A7427A2236C}.Release|x64.Build.0 = Release|x64
		{0F63EB89-77F3-3464-B806-2A7427A2236C}.MinSizeRel|x64.ActiveCfg = MinSizeRel|x64
		{0F63EB89-77F3-3464-B806-2A7427A2236C}.MinSizeRel|x64.Build.0 = MinSizeRel|x64
		{0F63EB89-77F3-3464-B806-2A7427A2236C}.RelWithDebInfo|x64.ActiveCfg = RelWithDebInfo|x64
		{0F63EB89-77F3-3464-B806-2A7427A2236C}.RelWithDebInfo|x64.Build.0 = RelWithDebInfo|x64
		{79143CCE-DF91-35A7-B1A2-653BA387750D}.Debug|x64.ActiveCfg = Debug|x64
		{79143CCE-DF91-35A7-B1A2-653BA387750D}.Debug|x64.Build.0 = Debug|x64
		{79143CCE-DF91-35A7-B1A2-653BA387750D}.Release|x64.ActiveCfg = Release|x64
		{79143CCE-DF91-35A7-B1A2-653BA387750D}.Release|x64.Build.0 = Release|x64
		{79143CCE-DF91-35A7-B1A2-653BA387750D}.MinSizeRel|x64.ActiveCfg = MinSizeRel|x64
		{79143CCE-DF91-35A7-B1A2-653BA387750D}.MinSizeRel|x64.Build.0 = MinSizeRel|x64
		{79143CCE-DF91-35A7-B1A2-653BA387750D}.RelWithDebInfo|x64.ActiveCfg = RelWithDebInfo|x64
		{79143CCE-DF91-35A7-B1A2-653BA387750D}.RelWithDebInfo|x64.Build.0 = RelWithDebInfo|x64
		{25E9B4CC-0EB6-3CF4-A229-C67A1CFC0300}.Debug|x64.ActiveCfg = Debug|x64
		{25E9B4CC-0EB6-3CF4-A229-C67A1CFC0300}.Debug|x64.Build.0 = Debug|x64
		{25E9B4CC-0EB6-3CF4-A229-C67A1CFC0300}.Release|x64.ActiveCfg = Release|x64
		{25E9B4CC-0EB6-3CF4-A229-C67A1CFC0300}.Release|x64.Build.0 = Release|x64
		{25E9B4CC-0EB6-3CF4-A229-C67A1CFC0300}.MinSizeRel|x64.ActiveCfg = MinSizeRel|x64
		{25E9B4CC-0EB6-3CF4-A229-C67A1CFC0300}.MinSizeRel|x64.Build.0 = MinSizeRel|x64
		{25E9B4CC-0EB6-3CF4-A229-C67A1CFC0300}.RelWithDebInfo|x64.ActiveCfg = RelWithDebInfo|x64
		{25E9B4CC-0EB6-3CF4-A229-C67A1CFC0300}.RelWithDebInfo|x64.Build.0 = RelWithDebInfo|x64
		{EA0DF2AB-BD89-3B08-888C-13F45628C9D4}.Debug|x64.ActiveCfg = Debug|x64
		{EA0DF2AB-BD89-3B08-888C-13F45628C9D4}.Debug|x64.Build.0 = Debug|x64
		{EA0DF2AB-BD89-3B08-888C-13F45628C9D4}.Release|x64.ActiveCfg = Release|x64
		{EA0DF2AB-BD89-3B08-888C-13F45628C9D4}.Release|x64.Build.0 = Release|x64
		{EA0DF2AB-BD89-3B08-888C-13F45628C9D4}.MinSizeRel|x64.ActiveCfg = MinSizeRel|x64
		{EA0DF2AB-BD89-3B08-888C-13F45628C9D4}.MinSizeRel|x64.Build.0 = MinSizeRel|x64
		{EA0DF2AB-BD89-3B08-888C-13F45628C9D4}.RelWithDebInfo|x64.ActiveCfg = RelWithDebInfo|x64
		{EA0DF2AB-BD89-3B08-888C-13F45628C9D4}.RelWithDebInfo|x64.Build.0 = RelWithDebInfo|x64
		{5AEE61EC-C742-3042-8199-5407B015614B}.Debug|x64.ActiveCfg = Debug|x64
		{5AEE61EC-C742-3042-8199-5407B015614B}.Debug|x64.Build.0 = Debug|x64
		{5AEE61EC-C742-3042-8199-5407B015614B}.Release|x64.ActiveCfg = Release|x64
		{5AEE61EC-C742-3042-8199-5407B015614B}.Release|x64.Build.0 = Release|x64
		{5AEE61EC-C742-3042-8199-5407B015614B}.MinSizeRel|x64.ActiveCfg = MinSizeRel|x64
		{5AEE61EC-C742-3042-8199-5407B015614B}.MinSizeRel|x64.Build.0 = MinSizeRel|x64
		{5AEE61EC-C742-3042-8199-5407B015614B}.RelWithDebInfo|x64.ActiveCfg = RelWithDebInfo|x64
		{5AEE61EC-C742-3042-8199-5407B015614B}.RelWithDebInfo|x64.Build.0 = RelWithDebInfo|x64
		{31A5BAE1-2CC2-3C17-93EB-5AE8A2A370F5}.Debug|x64.ActiveCfg = Debug|x64
		{31A5BAE1-2CC2-3C17-93EB-5AE8A2A370F5}.Debug|x64.Build.0 = Debug|x64
		{31A5BAE1-2CC2-3C17-93EB-5AE8A2A370F5}.Release|x64.ActiveCfg = Release|x64
		{31A5BAE1-2CC2-3C17-93EB-5AE8A2A370F5}.Release|x64.Build.0 = Release|x64
		{31A5BAE1-2CC2-3C17-93EB-5AE8A2A370F5}.MinSizeRel|x64.ActiveCfg = MinSizeRel|x64
		{31A5BAE1-2CC2-3C17-93EB-5AE8A2A370F5}.MinSizeRel|x64.Build.0 = MinSizeRel|x64
		{31A5BAE1-2CC2-3C17-93EB-5AE8A2A370F5}.RelWithDebInfo|x64.ActiveCfg = RelWithDebInfo|x64
		{31A5BAE1-2CC2-3C17-93EB-5AE8A2A370F5}.RelWithDebInfo|x64.Build.0 = RelWithDebInfo|x64
		{5553375B-A151-3DDE-8A25-5907BEEB1C6A}.Debug|x64.ActiveCfg = Debug|x64
		{5553375B-A151-3DDE-8A25-5907BEEB1C6A}.Debug|x64.Build.0 = Debug|x64
		{5553375B-A151-3DDE-8A25-5907BEEB1C6A}.Release|x64.ActiveCfg = Release|x64
		{5553375B-A151-3DDE-8A25-5907BEEB1C6A}.Release|x64.Build.0 = Release|x64
		{5553375B-A151-3DDE-8A25-5907BEEB1C6A}.MinSizeRel|x64.ActiveCfg = MinSizeRel|x64
		{5553375B-A151-3DDE-8A25-5907BEEB1C6A}.MinSizeRel|x64.Build.0 = MinSizeRel|x64
		{5553375B-A151-3DDE-8A25-5907BEEB1C6A}.RelWithDebInfo|x64.ActiveCfg = RelWithDebInfo|x64
		{5553375B-A151-3DDE-8A25-5907BEEB1C6A}.RelWithDebInfo|x64.Build.0 = RelWithDebInfo|x64
		{C2002EA9-8A20-31FB-ADCD-CC3F9EFF0E30}.Debug|x64.ActiveCfg = Debug|x64
		{C2002EA9-8A20-31FB-ADCD-CC3F9EFF0E30}.Debug|x64.Build.0 = Debug|x64
		{C2002EA9-8A20-31FB-ADCD-CC3F9EFF0E30}.Release|x64.ActiveCfg = Release|x64
		{C2002EA9-8A20-31FB-ADCD-CC3F9EFF0E30}.Release|x64.Build.0 = Release|x64
		{C2002EA9-8A20-31FB-ADCD-CC3F9EFF0E30}.MinSizeRel|x64.ActiveCfg = MinSizeRel|x64
		{C2002EA9-8A20-31FB-ADCD-CC3F9EFF0E30}.MinSizeRel|x64.Build.0 = MinSizeRel|x64
		{C2002EA9-8A20-31FB-ADCD-CC3F9EFF0E30}.RelWithDebInfo|x64.ActiveCfg = RelWithDebInfo|x64
		{C2002EA9-8A20-31FB-ADCD-CC3F9EFF0E30}.RelWithDebInfo|x64.Build.0 = RelWithDebInfo|x64
		{CADB10D7-F4F3-3292-B9D0-111BDF6EFCC3}.Debug|x64.ActiveCfg = Debug|x64
		{CADB10D7-F4F3-3292-B9D0-111BDF6EFCC3}.Debug|x64.Build.0 = Debug|x64
		{CADB10D7-F4F3-3292-B9D0-111BDF6EFCC3}.Release|x64.ActiveCfg = Release|x64
		{CADB10D7-F4F3-3292-B9D0-111BDF6EFCC3}.Release|x64.Build.0 = Release|x64
		{CADB10D7-F4F3-3292-B9D0-111BDF6EFCC3}.MinSizeRel|x64.ActiveCfg = MinSizeRel|x64
		{CADB10D7-F4F3-3292-B9D0-111BDF6EFCC3}.MinSizeRel|x64.Build.0 = MinSizeRel|x64
		{CADB10D7-F4F3-3292-B9D0-111BDF6EFCC3}.RelWithDebInfo|x64.ActiveCfg = RelWithDebInfo|x64
		{CADB10D7-F4F3-3292-B9D0-111BDF6EFCC3}.RelWithDebInfo|x64.Build.0 = RelWithDebInfo|x64
		{2B0954EC-464A-303B-8B11-7C7DD85BBC25}.Debug|x64.ActiveCfg = Debug|x64
		{2B0954EC-464A-303B-8B11-7C7DD85BBC25}.Debug|x64.Build.0 = Debug|x64
		{2B0954EC-464A-303B-8B11-7C7DD85BBC25}.Release|x64.ActiveCfg = Release|x64
		{2B0954EC-464A-303B-8B11-7C7DD85BBC25}.Release|x64.Build.0 = Release|x64
		{2B0954EC-464A-303B-8B11-7C7DD85BBC25}.MinSizeRel|x64.ActiveCfg = MinSizeRel|x64
		{2B0954EC-464A-303B-8B11-7C7DD85BBC25}.MinSizeRel|x64.Build.0 = MinSizeRel|x64
		{2B0954EC-464A-303B-8B11-7C7DD85BBC25}.RelWithDebInfo|x64.ActiveCfg = RelWithDebInfo|x64
		{2B0954EC-464A-303B-8B11-7C7DD85BBC25}.RelWithDebInfo|x64.Build.0 = RelWithDebInfo|x64
		{1761B7AD-2AA7-396A-A64A-0B7E21B62945}.Debug|x64.ActiveCfg = Debug|x64
		{1761B7AD-2AA7-396A-A64A-0B7E21B62945}.Debug|x64.Build.0 = Debug|x64
		{1761B7AD-2AA7-396A-A64A-0B7E21B62945}.Release|x64.ActiveCfg = Release|x64
		{1761B7AD-2AA7-396A-A64A-0B7E21B62945}.Release|x64.Build.0 = Release|x64
		{1761B7AD-2AA7-396A-A64A-0B7E21B62945}.MinSizeRel|x64.ActiveCfg = MinSizeRel|x64
		{1761B7AD-2AA7-396A-A64A-0B7E21B62945}.MinSizeRel|x64.Build.0 = MinSizeRel|x64
		{1761B7AD-2AA7-396A-A64A-0B7E21B62945}.RelWithDebInfo|x64.ActiveCfg = RelWithDebInfo|x64
		{1761B7AD-2AA7-396A-A64A-0B7E21B62945}.RelWithDebInfo|x64.Build.0 = RelWithDebInfo|x64
		{9B3C70CE-EFA0-36D1-8252-335712BB59A3}.Debug|x64.ActiveCfg = Debug|x64
		{9B3C70CE-EFA0-36D1-8252-335712BB59A3}.Debug|x64.Build.0 = Debug|x64
		{9B3C70CE-EFA0-36D1-8252-335712BB59A3}.Release|x64.ActiveCfg = Release|x64
		{9B3C70CE-EFA0-36D1-8252-335712BB59A3}.Release|x64.Build.0 = Release|x64
		{9B3C70CE-EFA0-36D1-8252-335712BB59A3}.MinSizeRel|x64.ActiveCfg = MinSizeRel|x64
		{9B3C70CE-EFA0-36D1-8252-335712BB59A3}.MinSizeRel|x64.Build.0 = MinSizeRel|x64
		{9B3C70CE-EFA0-36D1-8252-335712BB59A3}.RelWithDebInfo|x64.ActiveCfg = RelWithDebInfo|x64
		{9B3C70CE-EFA0-36D1-8252-335712BB59A3}.RelWithDebInfo|x64.Build.0 = RelWithDebInfo|x64
		{3B41FB37-63A2-353F-AE81-0DFC50E7BA45}.Debug|x64.ActiveCfg = Debug|x64
		{3B41FB37-63A2-353F-AE81-0DFC50E7BA45}.Debug|x64.Build.0 = Debug|x64
		{3B41FB37-63A2-353F-AE81-0DFC50E7BA45}.Release|x64.ActiveCfg = Release|x64
		{3B41FB37-63A2-353F-AE81-0DFC50E7BA45}.Release|x64.Build.0 = Release|x64
		{3B41FB37-63A2-353F-AE81-0DFC50E7BA45}.MinSizeRel|x64.ActiveCfg = MinSizeRel|x64
		{3B41FB37-63A2-353F-AE81-0DFC50E7BA45}.MinSizeRel|x64.Build.0 = MinSizeRel|x64
		{3B41FB37-63A2-353F-AE81-0DFC50E7BA45}.RelWithDebInfo|x64.ActiveCfg = RelWithDebInfo|x64
		{3B41FB37-63A2-353F-AE81-0DFC50E7BA45}.RelWithDebInfo|x64.Build.0 = RelWithDebInfo|x64
	EndGlobalSection
	GlobalSection(ExtensibilityGlobals) = postSolution
		SolutionGuid = {D051BE7E-0535-3AAF-8E83-AA2CC180FE73}
	EndGlobalSection
	GlobalSection(ExtensibilityAddIns) = postSolution
	EndGlobalSection
EndGlobal
